// !$*UTF8*$!
{
	archiveVersion = 1;
	classes = {
	};
	objectVersion = 46;
	objects = {

/* Begin PBXBuildFile section */
		D00892DD1F4F2AC6007A1CA4 /* TidyBuffer.swift in Sources */ = {isa = PBXBuildFile; fileRef = D00892DB1F4F2ABC007A1CA4 /* TidyBuffer.swift */; };
		D04034921F4386EA00A2A9DC /* SwLibTidyTests_Advanced.swift in Sources */ = {isa = PBXBuildFile; fileRef = D04034911F4386EA00A2A9DC /* SwLibTidyTests_Advanced.swift */; };
		D06AD6A31F3CED5A00199B88 /* main.swift in Sources */ = {isa = PBXBuildFile; fileRef = D06AD6A21F3CED5A00199B88 /* main.swift */; };
		D06AD6A81F3CF09300199B88 /* libtidy.a in Frameworks */ = {isa = PBXBuildFile; fileRef = D0C2D7641F3CE994002551A9 /* libtidy.a */; };
		D06AD6B31F3CF33E00199B88 /* AppDelegate.swift in Sources */ = {isa = PBXBuildFile; fileRef = D06AD6B21F3CF33E00199B88 /* AppDelegate.swift */; };
		D06AD6B51F3CF33E00199B88 /* ViewController.swift in Sources */ = {isa = PBXBuildFile; fileRef = D06AD6B41F3CF33E00199B88 /* ViewController.swift */; };
		D06AD6B71F3CF33E00199B88 /* Assets.xcassets in Resources */ = {isa = PBXBuildFile; fileRef = D06AD6B61F3CF33E00199B88 /* Assets.xcassets */; };
		D06AD6BA1F3CF33E00199B88 /* Main.storyboard in Resources */ = {isa = PBXBuildFile; fileRef = D06AD6B81F3CF33E00199B88 /* Main.storyboard */; };
		D06AD6C11F3CF36500199B88 /* SwLibTidy.framework in Frameworks */ = {isa = PBXBuildFile; fileRef = D0C3BD091F3CB3680007BB54 /* SwLibTidy.framework */; };
		D09014C61F8BF2E800B56A62 /* SwLibTidy.framework in Frameworks */ = {isa = PBXBuildFile; fileRef = D0C3BD091F3CB3680007BB54 /* SwLibTidy.framework */; };
		D09014CC1F8BFB3F00B56A62 /* SwLibTidyTests.m in Sources */ = {isa = PBXBuildFile; fileRef = D09014CB1F8BFB3F00B56A62 /* SwLibTidyTests.m */; };
		D0A8A9D01F41C69600A2DB63 /* SwLibTidy.swift in Sources */ = {isa = PBXBuildFile; fileRef = D0A8A9CE1F41C69000A2DB63 /* SwLibTidy.swift */; };
		D0A8A9DF1F41F74E00A2DB63 /* SwLibTidyTests_Basic.swift in Sources */ = {isa = PBXBuildFile; fileRef = D0A8A9DD1F41F74500A2DB63 /* SwLibTidyTests_Basic.swift */; };
		D0AD28701F8BDE7800972DB7 /* TidyEngine.swift in Sources */ = {isa = PBXBuildFile; fileRef = D0AD286F1F8BDE7800972DB7 /* TidyEngine.swift */; };
		D0AD28711F8BDE7800972DB7 /* TidyEngine.swift in Sources */ = {isa = PBXBuildFile; fileRef = D0AD286F1F8BDE7800972DB7 /* TidyEngine.swift */; };
		D0C3BD131F3CB3690007BB54 /* SwLibTidy.framework in Frameworks */ = {isa = PBXBuildFile; fileRef = D0C3BD091F3CB3680007BB54 /* SwLibTidy.framework */; };
		D0D06EEF1F8AEACD00370E9D /* access.c in Sources */ = {isa = PBXBuildFile; fileRef = D0D06EB31F8AE7CE00370E9D /* access.c */; };
		D0D06EF01F8AEACD00370E9D /* alloc.c in Sources */ = {isa = PBXBuildFile; fileRef = D0D06EB51F8AE7CE00370E9D /* alloc.c */; };
		D0D06EF11F8AEACD00370E9D /* attrapi.c in Sources */ = {isa = PBXBuildFile; fileRef = D0D06EB61F8AE7CE00370E9D /* attrapi.c */; };
		D0D06EF21F8AEACD00370E9D /* attrdict.c in Sources */ = {isa = PBXBuildFile; fileRef = D0D06EB71F8AE7CE00370E9D /* attrdict.c */; };
		D0D06EF31F8AEACD00370E9D /* attrs.c in Sources */ = {isa = PBXBuildFile; fileRef = D0D06EB91F8AE7CE00370E9D /* attrs.c */; };
		D0D06EF41F8AEACD00370E9D /* buffio.c in Sources */ = {isa = PBXBuildFile; fileRef = D0D06EBB1F8AE7CE00370E9D /* buffio.c */; };
		D0D06EF51F8AEACD00370E9D /* charsets.c in Sources */ = {isa = PBXBuildFile; fileRef = D0D06EBC1F8AE7CE00370E9D /* charsets.c */; };
		D0D06EF61F8AEACD00370E9D /* clean.c in Sources */ = {isa = PBXBuildFile; fileRef = D0D06EBE1F8AE7CE00370E9D /* clean.c */; };
		D0D06EF71F8AEACD00370E9D /* config.c in Sources */ = {isa = PBXBuildFile; fileRef = D0D06EC01F8AE7CE00370E9D /* config.c */; };
		D0D06EF81F8AEACD00370E9D /* entities.c in Sources */ = {isa = PBXBuildFile; fileRef = D0D06EC21F8AE7CE00370E9D /* entities.c */; };
		D0D06EF91F8AEACD00370E9D /* fileio.c in Sources */ = {isa = PBXBuildFile; fileRef = D0D06EC41F8AE7CE00370E9D /* fileio.c */; };
		D0D06EFA1F8AEACD00370E9D /* gdoc.c in Sources */ = {isa = PBXBuildFile; fileRef = D0D06EC71F8AE7CE00370E9D /* gdoc.c */; };
		D0D06EFB1F8AEACD00370E9D /* istack.c in Sources */ = {isa = PBXBuildFile; fileRef = D0D06EC91F8AE7CE00370E9D /* istack.c */; };
		D0D06EFC1F8AEACD00370E9D /* language.c in Sources */ = {isa = PBXBuildFile; fileRef = D0D06ECA1F8AE7CE00370E9D /* language.c */; };
		D0D06EFD1F8AEACD00370E9D /* lexer.c in Sources */ = {isa = PBXBuildFile; fileRef = D0D06ED31F8AE7CE00370E9D /* lexer.c */; };
		D0D06EFE1F8AEACD00370E9D /* mappedio.c in Sources */ = {isa = PBXBuildFile; fileRef = D0D06ED51F8AE7CE00370E9D /* mappedio.c */; };
		D0D06EFF1F8AEACD00370E9D /* message.c in Sources */ = {isa = PBXBuildFile; fileRef = D0D06ED71F8AE7CE00370E9D /* message.c */; };
		D0D06F001F8AEACD00370E9D /* messageobj.c in Sources */ = {isa = PBXBuildFile; fileRef = D0D06ED91F8AE7CE00370E9D /* messageobj.c */; };
		D0D06F011F8AEACD00370E9D /* parser.c in Sources */ = {isa = PBXBuildFile; fileRef = D0D06EDB1F8AE7CE00370E9D /* parser.c */; };
		D0D06F021F8AEACE00370E9D /* pprint.c in Sources */ = {isa = PBXBuildFile; fileRef = D0D06EDD1F8AE7CE00370E9D /* pprint.c */; };
		D0D06F031F8AEACE00370E9D /* sprtf.c in Sources */ = {isa = PBXBuildFile; fileRef = D0D06EDF1F8AE7CE00370E9D /* sprtf.c */; };
		D0D06F041F8AEACE00370E9D /* streamio.c in Sources */ = {isa = PBXBuildFile; fileRef = D0D06EE11F8AE7CE00370E9D /* streamio.c */; };
		D0D06F051F8AEACE00370E9D /* tagask.c in Sources */ = {isa = PBXBuildFile; fileRef = D0D06EE31F8AE7CE00370E9D /* tagask.c */; };
		D0D06F061F8AEACE00370E9D /* tags.c in Sources */ = {isa = PBXBuildFile; fileRef = D0D06EE41F8AE7CE00370E9D /* tags.c */; };
		D0D06F071F8AEACE00370E9D /* tidylib.c in Sources */ = {isa = PBXBuildFile; fileRef = D0D06EE71F8AE7CE00370E9D /* tidylib.c */; };
		D0D06F081F8AEACE00370E9D /* tmbstr.c in Sources */ = {isa = PBXBuildFile; fileRef = D0D06EE81F8AE7CE00370E9D /* tmbstr.c */; };
		D0D06F091F8AEACE00370E9D /* utf8.c in Sources */ = {isa = PBXBuildFile; fileRef = D0D06EEA1F8AE7CE00370E9D /* utf8.c */; };
		D0D06F0A1F8AEAE000370E9D /* tidy.h in Headers */ = {isa = PBXBuildFile; fileRef = D0D06E8B1F8AE7CE00370E9D /* tidy.h */; settings = {ATTRIBUTES = (Public, ); }; };
		D0D06F0B1F8AEAE000370E9D /* tidybuffio.h in Headers */ = {isa = PBXBuildFile; fileRef = D0D06E8C1F8AE7CE00370E9D /* tidybuffio.h */; settings = {ATTRIBUTES = (Public, ); }; };
		D0D06F0C1F8AEAE000370E9D /* tidyenum.h in Headers */ = {isa = PBXBuildFile; fileRef = D0D06E8D1F8AE7CE00370E9D /* tidyenum.h */; settings = {ATTRIBUTES = (Public, ); }; };
		D0D06F0D1F8AEAE000370E9D /* tidyplatform.h in Headers */ = {isa = PBXBuildFile; fileRef = D0D06E8E1F8AE7CE00370E9D /* tidyplatform.h */; settings = {ATTRIBUTES = (Public, ); }; };
		D0D06F0E1F8AEAF000370E9D /* access.h in Headers */ = {isa = PBXBuildFile; fileRef = D0D06EB41F8AE7CE00370E9D /* access.h */; settings = {ATTRIBUTES = (Private, ); }; };
		D0D06F0F1F8AEAF000370E9D /* attrdict.h in Headers */ = {isa = PBXBuildFile; fileRef = D0D06EB81F8AE7CE00370E9D /* attrdict.h */; settings = {ATTRIBUTES = (Private, ); }; };
		D0D06F101F8AEAF000370E9D /* attrs.h in Headers */ = {isa = PBXBuildFile; fileRef = D0D06EBA1F8AE7CE00370E9D /* attrs.h */; settings = {ATTRIBUTES = (Private, ); }; };
		D0D06F111F8AEAF000370E9D /* charsets.h in Headers */ = {isa = PBXBuildFile; fileRef = D0D06EBD1F8AE7CE00370E9D /* charsets.h */; settings = {ATTRIBUTES = (Private, ); }; };
		D0D06F121F8AEAF000370E9D /* clean.h in Headers */ = {isa = PBXBuildFile; fileRef = D0D06EBF1F8AE7CE00370E9D /* clean.h */; settings = {ATTRIBUTES = (Private, ); }; };
		D0D06F131F8AEAF000370E9D /* config.h in Headers */ = {isa = PBXBuildFile; fileRef = D0D06EC11F8AE7CE00370E9D /* config.h */; settings = {ATTRIBUTES = (Private, ); }; };
		D0D06F141F8AEAF000370E9D /* entities.h in Headers */ = {isa = PBXBuildFile; fileRef = D0D06EC31F8AE7CE00370E9D /* entities.h */; settings = {ATTRIBUTES = (Private, ); }; };
		D0D06F151F8AEAF000370E9D /* fileio.h in Headers */ = {isa = PBXBuildFile; fileRef = D0D06EC51F8AE7CE00370E9D /* fileio.h */; settings = {ATTRIBUTES = (Private, ); }; };
		D0D06F161F8AEAF000370E9D /* forward.h in Headers */ = {isa = PBXBuildFile; fileRef = D0D06EC61F8AE7CE00370E9D /* forward.h */; settings = {ATTRIBUTES = (Private, ); }; };
		D0D06F171F8AEAF000370E9D /* gdoc.h in Headers */ = {isa = PBXBuildFile; fileRef = D0D06EC81F8AE7CE00370E9D /* gdoc.h */; settings = {ATTRIBUTES = (Private, ); }; };
		D0D06F181F8AEAF000370E9D /* language.h in Headers */ = {isa = PBXBuildFile; fileRef = D0D06ECB1F8AE7CE00370E9D /* language.h */; settings = {ATTRIBUTES = (Private, ); }; };
		D0D06F191F8AEAF000370E9D /* language_en.h in Headers */ = {isa = PBXBuildFile; fileRef = D0D06ECC1F8AE7CE00370E9D /* language_en.h */; settings = {ATTRIBUTES = (Private, ); }; };
		D0D06F1A1F8AEAF000370E9D /* language_en_gb.h in Headers */ = {isa = PBXBuildFile; fileRef = D0D06ECD1F8AE7CE00370E9D /* language_en_gb.h */; settings = {ATTRIBUTES = (Private, ); }; };
		D0D06F1B1F8AEAF000370E9D /* language_es.h in Headers */ = {isa = PBXBuildFile; fileRef = D0D06ECE1F8AE7CE00370E9D /* language_es.h */; settings = {ATTRIBUTES = (Private, ); }; };
		D0D06F1C1F8AEAF000370E9D /* language_es_mx.h in Headers */ = {isa = PBXBuildFile; fileRef = D0D06ECF1F8AE7CE00370E9D /* language_es_mx.h */; settings = {ATTRIBUTES = (Private, ); }; };
		D0D06F1D1F8AEAF000370E9D /* language_fr.h in Headers */ = {isa = PBXBuildFile; fileRef = D0D06ED01F8AE7CE00370E9D /* language_fr.h */; settings = {ATTRIBUTES = (Private, ); }; };
		D0D06F1E1F8AEAF000370E9D /* language_pt_br.h in Headers */ = {isa = PBXBuildFile; fileRef = D0D06ED11F8AE7CE00370E9D /* language_pt_br.h */; settings = {ATTRIBUTES = (Private, ); }; };
		D0D06F1F1F8AEAF000370E9D /* language_zh_cn.h in Headers */ = {isa = PBXBuildFile; fileRef = D0D06ED21F8AE7CE00370E9D /* language_zh_cn.h */; settings = {ATTRIBUTES = (Private, ); }; };
		D0D06F201F8AEAF000370E9D /* lexer.h in Headers */ = {isa = PBXBuildFile; fileRef = D0D06ED41F8AE7CE00370E9D /* lexer.h */; settings = {ATTRIBUTES = (Private, ); }; };
		D0D06F211F8AEAF000370E9D /* mappedio.h in Headers */ = {isa = PBXBuildFile; fileRef = D0D06ED61F8AE7CE00370E9D /* mappedio.h */; settings = {ATTRIBUTES = (Private, ); }; };
		D0D06F221F8AEAF000370E9D /* message.h in Headers */ = {isa = PBXBuildFile; fileRef = D0D06ED81F8AE7CE00370E9D /* message.h */; settings = {ATTRIBUTES = (Private, ); }; };
		D0D06F231F8AEAF000370E9D /* messageobj.h in Headers */ = {isa = PBXBuildFile; fileRef = D0D06EDA1F8AE7CE00370E9D /* messageobj.h */; settings = {ATTRIBUTES = (Private, ); }; };
		D0D06F241F8AEAF000370E9D /* parser.h in Headers */ = {isa = PBXBuildFile; fileRef = D0D06EDC1F8AE7CE00370E9D /* parser.h */; settings = {ATTRIBUTES = (Private, ); }; };
		D0D06F251F8AEAF000370E9D /* pprint.h in Headers */ = {isa = PBXBuildFile; fileRef = D0D06EDE1F8AE7CE00370E9D /* pprint.h */; settings = {ATTRIBUTES = (Private, ); }; };
		D0D06F261F8AEAF000370E9D /* sprtf.h in Headers */ = {isa = PBXBuildFile; fileRef = D0D06EE01F8AE7CE00370E9D /* sprtf.h */; settings = {ATTRIBUTES = (Private, ); }; };
		D0D06F271F8AEAF000370E9D /* streamio.h in Headers */ = {isa = PBXBuildFile; fileRef = D0D06EE21F8AE7CE00370E9D /* streamio.h */; settings = {ATTRIBUTES = (Private, ); }; };
		D0D06F281F8AEAF000370E9D /* tags.h in Headers */ = {isa = PBXBuildFile; fileRef = D0D06EE51F8AE7CE00370E9D /* tags.h */; settings = {ATTRIBUTES = (Private, ); }; };
		D0D06F291F8AEAF000370E9D /* tidy-int.h in Headers */ = {isa = PBXBuildFile; fileRef = D0D06EE61F8AE7CE00370E9D /* tidy-int.h */; settings = {ATTRIBUTES = (Private, ); }; };
		D0D06F2A1F8AEAF000370E9D /* tmbstr.h in Headers */ = {isa = PBXBuildFile; fileRef = D0D06EE91F8AE7CE00370E9D /* tmbstr.h */; settings = {ATTRIBUTES = (Private, ); }; };
		D0D06F2B1F8AEAF000370E9D /* utf8.h in Headers */ = {isa = PBXBuildFile; fileRef = D0D06EEB1F8AE7CE00370E9D /* utf8.h */; settings = {ATTRIBUTES = (Private, ); }; };
		D0D06F2C1F8AEAF000370E9D /* version.h in Headers */ = {isa = PBXBuildFile; fileRef = D0D06EEC1F8AE7CE00370E9D /* version.h */; settings = {ATTRIBUTES = (Private, ); }; };
		D0D06F2E1F8AEB6700370E9D /* version.txt in Sources */ = {isa = PBXBuildFile; fileRef = D0D06EEE1F8AE7CE00370E9D /* version.txt */; };
		D0D06F4C1F8AF13A00370E9D /* libtidy.a in Frameworks */ = {isa = PBXBuildFile; fileRef = D0C2D7641F3CE994002551A9 /* libtidy.a */; };
		D0D06F4D1F8AF14B00370E9D /* SwLibTidy.swift in Sources */ = {isa = PBXBuildFile; fileRef = D0A8A9CE1F41C69000A2DB63 /* SwLibTidy.swift */; };
		D0D06F4E1F8AF14F00370E9D /* TidyBuffer.swift in Sources */ = {isa = PBXBuildFile; fileRef = D00892DB1F4F2ABC007A1CA4 /* TidyBuffer.swift */; };
		D0D06F4F1F8AF15300370E9D /* TidyConfigReport.swift in Sources */ = {isa = PBXBuildFile; fileRef = D0DEFE201F50C7910034C732 /* TidyConfigReport.swift */; };
		D0D06F521F8AF19900370E9D /* SwLibTidy.a in Frameworks */ = {isa = PBXBuildFile; fileRef = D0D06F401F8AF0F300370E9D /* SwLibTidy.a */; };
		D0DEFE221F50C7910034C732 /* TidyConfigReport.swift in Sources */ = {isa = PBXBuildFile; fileRef = D0DEFE201F50C7910034C732 /* TidyConfigReport.swift */; };
/* End PBXBuildFile section */

/* Begin PBXBuildRule section */
		D0DEFE1D1F3F51C40034C732 /* PBXBuildRule */ = {
			isa = PBXBuildRule;
			compilerSpec = com.apple.compilers.proxy.script;
			filePatterns = "*.txt";
			fileType = pattern.proxy;
			isEditable = 1;
			outputFiles = (
				"$(SRCROOT)/CLibTidy/tidy-html5-version.h",
			);
			script = "#!/usr/bin/env bash\necho \"Processing the date and version file to build a dynamic header.\"\nHEADER=\"${SRCROOT}/CLibTidy/tidy-html5-version.h\"\ncd \"${SRCROOT}/CLibTidy\"\necho \"// This file is generated automatically. Do not edit. Edit version.txt instead.\" > $HEADER\necho \"// The tidy target Build Rules for *.txt files has produced this file.\" >> $HEADER\necho \"// Make sure you include this file as the tidy target prefix header.\" >> $HEADER\n\nIFS=$'\\n' read -d '' -r -a LINES < \"${INPUT_FILE_PATH}\"\n\ncat << EOF >> $HEADER\n#ifdef LIBTIDY_VERSION\n#undef LIBTIDY_VERSION\n#endif\n#ifdef RELEASE_DATE\n#undef RELEASE_DATE\n#endif\nEOF\n\necho \"#define LIBTIDY_VERSION \\\"${LINES[0]}\\\"\" >> $HEADER\necho \"#define RELEASE_DATE \\\"${LINES[1]}\\\"\" >> $HEADER\n\necho \"// Updated on \"`date` >> $HEADER\n";
		};
/* End PBXBuildRule section */

/* Begin PBXContainerItemProxy section */
		D06AD6A61F3CF08A00199B88 /* PBXContainerItemProxy */ = {
			isa = PBXContainerItemProxy;
			containerPortal = D0C3BD001F3CB3680007BB54 /* Project object */;
			proxyType = 1;
			remoteGlobalIDString = D0C2D7631F3CE994002551A9;
			remoteInfo = "tidy-html5";
		};
		D06AD6BF1F3CF36000199B88 /* PBXContainerItemProxy */ = {
			isa = PBXContainerItemProxy;
			containerPortal = D0C3BD001F3CB3680007BB54 /* Project object */;
			proxyType = 1;
			remoteGlobalIDString = D0C3BD081F3CB3680007BB54;
			remoteInfo = LibTidy;
		};
		D09014C41F8BF2E100B56A62 /* PBXContainerItemProxy */ = {
			isa = PBXContainerItemProxy;
			containerPortal = D0C3BD001F3CB3680007BB54 /* Project object */;
			proxyType = 1;
			remoteGlobalIDString = D0C3BD081F3CB3680007BB54;
			remoteInfo = SwLibTidy.dylib;
		};
		D0C3BD141F3CB3690007BB54 /* PBXContainerItemProxy */ = {
			isa = PBXContainerItemProxy;
			containerPortal = D0C3BD001F3CB3680007BB54 /* Project object */;
			proxyType = 1;
			remoteGlobalIDString = D0C3BD081F3CB3680007BB54;
			remoteInfo = LibTidy;
		};
		D0D06F491F8AF13300370E9D /* PBXContainerItemProxy */ = {
			isa = PBXContainerItemProxy;
			containerPortal = D0C3BD001F3CB3680007BB54 /* Project object */;
			proxyType = 1;
			remoteGlobalIDString = D0C2D7631F3CE994002551A9;
			remoteInfo = libtidy.a;
		};
		D0D06F501F8AF19400370E9D /* PBXContainerItemProxy */ = {
			isa = PBXContainerItemProxy;
			containerPortal = D0C3BD001F3CB3680007BB54 /* Project object */;
			proxyType = 1;
			remoteGlobalIDString = D0D06F3F1F8AF0F300370E9D;
			remoteInfo = SwLibTidy.a;
		};
/* End PBXContainerItemProxy section */

/* Begin PBXCopyFilesBuildPhase section */
		D0692FC81F3CE4DE0045AB69 /* CopyFiles */ = {
			isa = PBXCopyFilesBuildPhase;
			buildActionMask = 2147483647;
			dstPath = "";
			dstSubfolderSpec = 7;
			files = (
			);
			runOnlyForDeploymentPostprocessing = 0;
		};
/* End PBXCopyFilesBuildPhase section */

/* Begin PBXFileReference section */
		D00892DB1F4F2ABC007A1CA4 /* TidyBuffer.swift */ = {isa = PBXFileReference; fileEncoding = 4; lastKnownFileType = sourcecode.swift; name = TidyBuffer.swift; path = SwLibTidy/TidyBuffer.swift; sourceTree = SOURCE_ROOT; };
		D04034871F43659C00A2A9DC /* README.md */ = {isa = PBXFileReference; fileEncoding = 4; lastKnownFileType = net.daringfireball.markdown; path = README.md; sourceTree = "<group>"; };
		D04034891F4365B300A2A9DC /* README.md */ = {isa = PBXFileReference; fileEncoding = 4; lastKnownFileType = net.daringfireball.markdown; name = README.md; path = SwLibTidy/README.md; sourceTree = SOURCE_ROOT; };
		D04034911F4386EA00A2A9DC /* SwLibTidyTests_Advanced.swift */ = {isa = PBXFileReference; fileEncoding = 4; lastKnownFileType = sourcecode.swift; path = SwLibTidyTests_Advanced.swift; sourceTree = "<group>"; };
		D0692FC91F3CE8930045AB69 /* README.md */ = {isa = PBXFileReference; fileEncoding = 4; lastKnownFileType = net.daringfireball.markdown; name = README.md; path = console/README.md; sourceTree = SOURCE_ROOT; };
		D06AD6A21F3CED5A00199B88 /* main.swift */ = {isa = PBXFileReference; fileEncoding = 4; lastKnownFileType = sourcecode.swift; path = main.swift; sourceTree = "<group>"; };
		D06AD6B01F3CF33E00199B88 /* gui.app */ = {isa = PBXFileReference; explicitFileType = wrapper.application; includeInIndex = 0; path = gui.app; sourceTree = BUILT_PRODUCTS_DIR; };
		D06AD6B21F3CF33E00199B88 /* AppDelegate.swift */ = {isa = PBXFileReference; lastKnownFileType = sourcecode.swift; path = AppDelegate.swift; sourceTree = "<group>"; };
		D06AD6B41F3CF33E00199B88 /* ViewController.swift */ = {isa = PBXFileReference; lastKnownFileType = sourcecode.swift; path = ViewController.swift; sourceTree = "<group>"; };
		D06AD6B61F3CF33E00199B88 /* Assets.xcassets */ = {isa = PBXFileReference; lastKnownFileType = folder.assetcatalog; path = Assets.xcassets; sourceTree = "<group>"; };
		D06AD6B91F3CF33E00199B88 /* Base */ = {isa = PBXFileReference; lastKnownFileType = file.storyboard; name = Base; path = Base.lproj/Main.storyboard; sourceTree = "<group>"; };
		D06AD6BB1F3CF33E00199B88 /* Info.plist */ = {isa = PBXFileReference; lastKnownFileType = text.plist.xml; path = Info.plist; sourceTree = "<group>"; };
		D09014CB1F8BFB3F00B56A62 /* SwLibTidyTests.m */ = {isa = PBXFileReference; fileEncoding = 4; lastKnownFileType = sourcecode.c.objc; path = SwLibTidyTests.m; sourceTree = "<group>"; };
		D0A8A9CE1F41C69000A2DB63 /* SwLibTidy.swift */ = {isa = PBXFileReference; fileEncoding = 4; lastKnownFileType = sourcecode.swift; name = SwLibTidy.swift; path = SwLibTidy/SwLibTidy.swift; sourceTree = SOURCE_ROOT; };
		D0A8A9D51F41E22300A2DB63 /* Info.plist */ = {isa = PBXFileReference; fileEncoding = 4; lastKnownFileType = text.plist.xml; name = Info.plist; path = SwLibTidy/Info.plist; sourceTree = SOURCE_ROOT; };
		D0A8A9DC1F41F74500A2DB63 /* Info.plist */ = {isa = PBXFileReference; fileEncoding = 4; lastKnownFileType = text.plist.xml; path = Info.plist; sourceTree = "<group>"; };
		D0A8A9DD1F41F74500A2DB63 /* SwLibTidyTests_Basic.swift */ = {isa = PBXFileReference; fileEncoding = 4; lastKnownFileType = sourcecode.swift; path = SwLibTidyTests_Basic.swift; sourceTree = "<group>"; };
		D0AD286F1F8BDE7800972DB7 /* TidyEngine.swift */ = {isa = PBXFileReference; lastKnownFileType = sourcecode.swift; path = TidyEngine.swift; sourceTree = "<group>"; };
		D0AD28781F8BE6B400972DB7 /* XCTest.framework */ = {isa = PBXFileReference; lastKnownFileType = wrapper.framework; name = XCTest.framework; path = Platforms/MacOSX.platform/Developer/Library/Frameworks/XCTest.framework; sourceTree = DEVELOPER_DIR; };
		D0AD287E1F8BEEC000972DB7 /* Objective-C Tests.xctest */ = {isa = PBXFileReference; explicitFileType = wrapper.cfbundle; includeInIndex = 0; path = "Objective-C Tests.xctest"; sourceTree = BUILT_PRODUCTS_DIR; };
		D0AD28821F8BEEC000972DB7 /* Info.plist */ = {isa = PBXFileReference; lastKnownFileType = text.plist.xml; path = Info.plist; sourceTree = "<group>"; };
		D0C2D7641F3CE994002551A9 /* libtidy.a */ = {isa = PBXFileReference; explicitFileType = archive.ar; includeInIndex = 0; path = libtidy.a; sourceTree = BUILT_PRODUCTS_DIR; };
		D0C3BD091F3CB3680007BB54 /* SwLibTidy.framework */ = {isa = PBXFileReference; explicitFileType = wrapper.framework; includeInIndex = 0; path = SwLibTidy.framework; sourceTree = BUILT_PRODUCTS_DIR; };
		D0C3BD121F3CB3690007BB54 /* Swift Tests.xctest */ = {isa = PBXFileReference; explicitFileType = wrapper.cfbundle; includeInIndex = 0; path = "Swift Tests.xctest"; sourceTree = BUILT_PRODUCTS_DIR; };
		D0C3BDC41F3CC0510007BB54 /* console */ = {isa = PBXFileReference; explicitFileType = "compiled.mach-o.executable"; includeInIndex = 0; path = console; sourceTree = BUILT_PRODUCTS_DIR; };
		D0D06E671F8AE7AC00370E9D /* README.md */ = {isa = PBXFileReference; lastKnownFileType = net.daringfireball.markdown; path = README.md; sourceTree = "<group>"; };
		D0D06E8B1F8AE7CE00370E9D /* tidy.h */ = {isa = PBXFileReference; lastKnownFileType = sourcecode.c.h; path = tidy.h; sourceTree = "<group>"; };
		D0D06E8C1F8AE7CE00370E9D /* tidybuffio.h */ = {isa = PBXFileReference; lastKnownFileType = sourcecode.c.h; path = tidybuffio.h; sourceTree = "<group>"; };
		D0D06E8D1F8AE7CE00370E9D /* tidyenum.h */ = {isa = PBXFileReference; lastKnownFileType = sourcecode.c.h; path = tidyenum.h; sourceTree = "<group>"; };
		D0D06E8E1F8AE7CE00370E9D /* tidyplatform.h */ = {isa = PBXFileReference; lastKnownFileType = sourcecode.c.h; path = tidyplatform.h; sourceTree = "<group>"; };
		D0D06EB11F8AE7CE00370E9D /* README.md */ = {isa = PBXFileReference; lastKnownFileType = net.daringfireball.markdown; path = README.md; sourceTree = "<group>"; };
		D0D06EB31F8AE7CE00370E9D /* access.c */ = {isa = PBXFileReference; lastKnownFileType = sourcecode.c.c; path = access.c; sourceTree = "<group>"; };
		D0D06EB41F8AE7CE00370E9D /* access.h */ = {isa = PBXFileReference; lastKnownFileType = sourcecode.c.h; path = access.h; sourceTree = "<group>"; };
		D0D06EB51F8AE7CE00370E9D /* alloc.c */ = {isa = PBXFileReference; lastKnownFileType = sourcecode.c.c; path = alloc.c; sourceTree = "<group>"; };
		D0D06EB61F8AE7CE00370E9D /* attrapi.c */ = {isa = PBXFileReference; lastKnownFileType = sourcecode.c.c; path = attrapi.c; sourceTree = "<group>"; };
		D0D06EB71F8AE7CE00370E9D /* attrdict.c */ = {isa = PBXFileReference; lastKnownFileType = sourcecode.c.c; path = attrdict.c; sourceTree = "<group>"; };
		D0D06EB81F8AE7CE00370E9D /* attrdict.h */ = {isa = PBXFileReference; lastKnownFileType = sourcecode.c.h; path = attrdict.h; sourceTree = "<group>"; };
		D0D06EB91F8AE7CE00370E9D /* attrs.c */ = {isa = PBXFileReference; lastKnownFileType = sourcecode.c.c; path = attrs.c; sourceTree = "<group>"; };
		D0D06EBA1F8AE7CE00370E9D /* attrs.h */ = {isa = PBXFileReference; lastKnownFileType = sourcecode.c.h; path = attrs.h; sourceTree = "<group>"; };
		D0D06EBB1F8AE7CE00370E9D /* buffio.c */ = {isa = PBXFileReference; lastKnownFileType = sourcecode.c.c; path = buffio.c; sourceTree = "<group>"; };
		D0D06EBC1F8AE7CE00370E9D /* charsets.c */ = {isa = PBXFileReference; lastKnownFileType = sourcecode.c.c; path = charsets.c; sourceTree = "<group>"; };
		D0D06EBD1F8AE7CE00370E9D /* charsets.h */ = {isa = PBXFileReference; lastKnownFileType = sourcecode.c.h; path = charsets.h; sourceTree = "<group>"; };
		D0D06EBE1F8AE7CE00370E9D /* clean.c */ = {isa = PBXFileReference; lastKnownFileType = sourcecode.c.c; path = clean.c; sourceTree = "<group>"; };
		D0D06EBF1F8AE7CE00370E9D /* clean.h */ = {isa = PBXFileReference; lastKnownFileType = sourcecode.c.h; path = clean.h; sourceTree = "<group>"; };
		D0D06EC01F8AE7CE00370E9D /* config.c */ = {isa = PBXFileReference; lastKnownFileType = sourcecode.c.c; path = config.c; sourceTree = "<group>"; };
		D0D06EC11F8AE7CE00370E9D /* config.h */ = {isa = PBXFileReference; lastKnownFileType = sourcecode.c.h; path = config.h; sourceTree = "<group>"; };
		D0D06EC21F8AE7CE00370E9D /* entities.c */ = {isa = PBXFileReference; lastKnownFileType = sourcecode.c.c; path = entities.c; sourceTree = "<group>"; };
		D0D06EC31F8AE7CE00370E9D /* entities.h */ = {isa = PBXFileReference; lastKnownFileType = sourcecode.c.h; path = entities.h; sourceTree = "<group>"; };
		D0D06EC41F8AE7CE00370E9D /* fileio.c */ = {isa = PBXFileReference; lastKnownFileType = sourcecode.c.c; path = fileio.c; sourceTree = "<group>"; };
		D0D06EC51F8AE7CE00370E9D /* fileio.h */ = {isa = PBXFileReference; lastKnownFileType = sourcecode.c.h; path = fileio.h; sourceTree = "<group>"; };
		D0D06EC61F8AE7CE00370E9D /* forward.h */ = {isa = PBXFileReference; lastKnownFileType = sourcecode.c.h; path = forward.h; sourceTree = "<group>"; };
		D0D06EC71F8AE7CE00370E9D /* gdoc.c */ = {isa = PBXFileReference; lastKnownFileType = sourcecode.c.c; path = gdoc.c; sourceTree = "<group>"; };
		D0D06EC81F8AE7CE00370E9D /* gdoc.h */ = {isa = PBXFileReference; lastKnownFileType = sourcecode.c.h; path = gdoc.h; sourceTree = "<group>"; };
		D0D06EC91F8AE7CE00370E9D /* istack.c */ = {isa = PBXFileReference; lastKnownFileType = sourcecode.c.c; path = istack.c; sourceTree = "<group>"; };
		D0D06ECA1F8AE7CE00370E9D /* language.c */ = {isa = PBXFileReference; lastKnownFileType = sourcecode.c.c; path = language.c; sourceTree = "<group>"; };
		D0D06ECB1F8AE7CE00370E9D /* language.h */ = {isa = PBXFileReference; lastKnownFileType = sourcecode.c.h; path = language.h; sourceTree = "<group>"; };
		D0D06ECC1F8AE7CE00370E9D /* language_en.h */ = {isa = PBXFileReference; lastKnownFileType = sourcecode.c.h; path = language_en.h; sourceTree = "<group>"; };
		D0D06ECD1F8AE7CE00370E9D /* language_en_gb.h */ = {isa = PBXFileReference; lastKnownFileType = sourcecode.c.h; path = language_en_gb.h; sourceTree = "<group>"; };
		D0D06ECE1F8AE7CE00370E9D /* language_es.h */ = {isa = PBXFileReference; lastKnownFileType = sourcecode.c.h; path = language_es.h; sourceTree = "<group>"; };
		D0D06ECF1F8AE7CE00370E9D /* language_es_mx.h */ = {isa = PBXFileReference; lastKnownFileType = sourcecode.c.h; path = language_es_mx.h; sourceTree = "<group>"; };
		D0D06ED01F8AE7CE00370E9D /* language_fr.h */ = {isa = PBXFileReference; lastKnownFileType = sourcecode.c.h; path = language_fr.h; sourceTree = "<group>"; };
		D0D06ED11F8AE7CE00370E9D /* language_pt_br.h */ = {isa = PBXFileReference; lastKnownFileType = sourcecode.c.h; path = language_pt_br.h; sourceTree = "<group>"; };
		D0D06ED21F8AE7CE00370E9D /* language_zh_cn.h */ = {isa = PBXFileReference; lastKnownFileType = sourcecode.c.h; path = language_zh_cn.h; sourceTree = "<group>"; };
		D0D06ED31F8AE7CE00370E9D /* lexer.c */ = {isa = PBXFileReference; lastKnownFileType = sourcecode.c.c; path = lexer.c; sourceTree = "<group>"; };
		D0D06ED41F8AE7CE00370E9D /* lexer.h */ = {isa = PBXFileReference; lastKnownFileType = sourcecode.c.h; path = lexer.h; sourceTree = "<group>"; };
		D0D06ED51F8AE7CE00370E9D /* mappedio.c */ = {isa = PBXFileReference; lastKnownFileType = sourcecode.c.c; path = mappedio.c; sourceTree = "<group>"; };
		D0D06ED61F8AE7CE00370E9D /* mappedio.h */ = {isa = PBXFileReference; lastKnownFileType = sourcecode.c.h; path = mappedio.h; sourceTree = "<group>"; };
		D0D06ED71F8AE7CE00370E9D /* message.c */ = {isa = PBXFileReference; lastKnownFileType = sourcecode.c.c; path = message.c; sourceTree = "<group>"; };
		D0D06ED81F8AE7CE00370E9D /* message.h */ = {isa = PBXFileReference; lastKnownFileType = sourcecode.c.h; path = message.h; sourceTree = "<group>"; };
		D0D06ED91F8AE7CE00370E9D /* messageobj.c */ = {isa = PBXFileReference; lastKnownFileType = sourcecode.c.c; path = messageobj.c; sourceTree = "<group>"; };
		D0D06EDA1F8AE7CE00370E9D /* messageobj.h */ = {isa = PBXFileReference; lastKnownFileType = sourcecode.c.h; path = messageobj.h; sourceTree = "<group>"; };
		D0D06EDB1F8AE7CE00370E9D /* parser.c */ = {isa = PBXFileReference; lastKnownFileType = sourcecode.c.c; path = parser.c; sourceTree = "<group>"; };
		D0D06EDC1F8AE7CE00370E9D /* parser.h */ = {isa = PBXFileReference; lastKnownFileType = sourcecode.c.h; path = parser.h; sourceTree = "<group>"; };
		D0D06EDD1F8AE7CE00370E9D /* pprint.c */ = {isa = PBXFileReference; lastKnownFileType = sourcecode.c.c; path = pprint.c; sourceTree = "<group>"; };
		D0D06EDE1F8AE7CE00370E9D /* pprint.h */ = {isa = PBXFileReference; lastKnownFileType = sourcecode.c.h; path = pprint.h; sourceTree = "<group>"; };
		D0D06EDF1F8AE7CE00370E9D /* sprtf.c */ = {isa = PBXFileReference; lastKnownFileType = sourcecode.c.c; path = sprtf.c; sourceTree = "<group>"; };
		D0D06EE01F8AE7CE00370E9D /* sprtf.h */ = {isa = PBXFileReference; lastKnownFileType = sourcecode.c.h; path = sprtf.h; sourceTree = "<group>"; };
		D0D06EE11F8AE7CE00370E9D /* streamio.c */ = {isa = PBXFileReference; lastKnownFileType = sourcecode.c.c; path = streamio.c; sourceTree = "<group>"; };
		D0D06EE21F8AE7CE00370E9D /* streamio.h */ = {isa = PBXFileReference; lastKnownFileType = sourcecode.c.h; path = streamio.h; sourceTree = "<group>"; };
		D0D06EE31F8AE7CE00370E9D /* tagask.c */ = {isa = PBXFileReference; lastKnownFileType = sourcecode.c.c; path = tagask.c; sourceTree = "<group>"; };
		D0D06EE41F8AE7CE00370E9D /* tags.c */ = {isa = PBXFileReference; lastKnownFileType = sourcecode.c.c; path = tags.c; sourceTree = "<group>"; };
		D0D06EE51F8AE7CE00370E9D /* tags.h */ = {isa = PBXFileReference; lastKnownFileType = sourcecode.c.h; path = tags.h; sourceTree = "<group>"; };
		D0D06EE61F8AE7CE00370E9D /* tidy-int.h */ = {isa = PBXFileReference; lastKnownFileType = sourcecode.c.h; path = "tidy-int.h"; sourceTree = "<group>"; };
		D0D06EE71F8AE7CE00370E9D /* tidylib.c */ = {isa = PBXFileReference; lastKnownFileType = sourcecode.c.c; path = tidylib.c; sourceTree = "<group>"; };
		D0D06EE81F8AE7CE00370E9D /* tmbstr.c */ = {isa = PBXFileReference; lastKnownFileType = sourcecode.c.c; path = tmbstr.c; sourceTree = "<group>"; };
		D0D06EE91F8AE7CE00370E9D /* tmbstr.h */ = {isa = PBXFileReference; lastKnownFileType = sourcecode.c.h; path = tmbstr.h; sourceTree = "<group>"; };
		D0D06EEA1F8AE7CE00370E9D /* utf8.c */ = {isa = PBXFileReference; lastKnownFileType = sourcecode.c.c; path = utf8.c; sourceTree = "<group>"; };
		D0D06EEB1F8AE7CE00370E9D /* utf8.h */ = {isa = PBXFileReference; lastKnownFileType = sourcecode.c.h; path = utf8.h; sourceTree = "<group>"; };
		D0D06EEC1F8AE7CE00370E9D /* version.h */ = {isa = PBXFileReference; lastKnownFileType = sourcecode.c.h; path = version.h; sourceTree = "<group>"; };
		D0D06EEE1F8AE7CE00370E9D /* version.txt */ = {isa = PBXFileReference; lastKnownFileType = text; path = version.txt; sourceTree = "<group>"; };
		D0D06F401F8AF0F300370E9D /* SwLibTidy.a */ = {isa = PBXFileReference; explicitFileType = archive.ar; includeInIndex = 0; path = SwLibTidy.a; sourceTree = BUILT_PRODUCTS_DIR; };
		D0DEFE201F50C7910034C732 /* TidyConfigReport.swift */ = {isa = PBXFileReference; fileEncoding = 4; lastKnownFileType = sourcecode.swift; name = TidyConfigReport.swift; path = SwLibTidy/TidyConfigReport.swift; sourceTree = SOURCE_ROOT; };
/* End PBXFileReference section */

/* Begin PBXFrameworksBuildPhase section */
		D06AD6AD1F3CF33E00199B88 /* Frameworks */ = {
			isa = PBXFrameworksBuildPhase;
			buildActionMask = 2147483647;
			files = (
				D06AD6C11F3CF36500199B88 /* SwLibTidy.framework in Frameworks */,
			);
			runOnlyForDeploymentPostprocessing = 0;
		};
		D0AD287B1F8BEEC000972DB7 /* Frameworks */ = {
			isa = PBXFrameworksBuildPhase;
			buildActionMask = 2147483647;
			files = (
				D09014C61F8BF2E800B56A62 /* SwLibTidy.framework in Frameworks */,
			);
			runOnlyForDeploymentPostprocessing = 0;
		};
		D0C2D7611F3CE994002551A9 /* Frameworks */ = {
			isa = PBXFrameworksBuildPhase;
			buildActionMask = 2147483647;
			files = (
			);
			runOnlyForDeploymentPostprocessing = 0;
		};
		D0C3BD051F3CB3680007BB54 /* Frameworks */ = {
			isa = PBXFrameworksBuildPhase;
			buildActionMask = 2147483647;
			files = (
				D06AD6A81F3CF09300199B88 /* libtidy.a in Frameworks */,
			);
			runOnlyForDeploymentPostprocessing = 0;
		};
		D0C3BD0F1F3CB3690007BB54 /* Frameworks */ = {
			isa = PBXFrameworksBuildPhase;
			buildActionMask = 2147483647;
			files = (
				D0C3BD131F3CB3690007BB54 /* SwLibTidy.framework in Frameworks */,
			);
			runOnlyForDeploymentPostprocessing = 0;
		};
		D0C3BDC11F3CC0510007BB54 /* Frameworks */ = {
			isa = PBXFrameworksBuildPhase;
			buildActionMask = 2147483647;
			files = (
				D0D06F521F8AF19900370E9D /* SwLibTidy.a in Frameworks */,
			);
			runOnlyForDeploymentPostprocessing = 0;
		};
		D0D06F3D1F8AF0F300370E9D /* Frameworks */ = {
			isa = PBXFrameworksBuildPhase;
			buildActionMask = 2147483647;
			files = (
				D0D06F4C1F8AF13A00370E9D /* libtidy.a in Frameworks */,
			);
			runOnlyForDeploymentPostprocessing = 0;
		};
/* End PBXFrameworksBuildPhase section */

/* Begin PBXGroup section */
		D06AD6B11F3CF33E00199B88 /* gui */ = {
			isa = PBXGroup;
			children = (
				D04034871F43659C00A2A9DC /* README.md */,
				D06AD6B21F3CF33E00199B88 /* AppDelegate.swift */,
				D06AD6B41F3CF33E00199B88 /* ViewController.swift */,
				D06AD6B61F3CF33E00199B88 /* Assets.xcassets */,
				D06AD6B81F3CF33E00199B88 /* Main.storyboard */,
				D06AD6BB1F3CF33E00199B88 /* Info.plist */,
			);
			path = gui;
			sourceTree = SOURCE_ROOT;
		};
		D0AD288A1F8BEF4900972DB7 /* Swift */ = {
			isa = PBXGroup;
			children = (
				D0A8A9DD1F41F74500A2DB63 /* SwLibTidyTests_Basic.swift */,
				D04034911F4386EA00A2A9DC /* SwLibTidyTests_Advanced.swift */,
				D0A8A9DC1F41F74500A2DB63 /* Info.plist */,
			);
			name = Swift;
			path = SwLibTidyTests/Swift;
			sourceTree = SOURCE_ROOT;
		};
		D0AD288B1F8BEF4D00972DB7 /* Objective-C */ = {
			isa = PBXGroup;
			children = (
				D09014CB1F8BFB3F00B56A62 /* SwLibTidyTests.m */,
				D0AD28821F8BEEC000972DB7 /* Info.plist */,
			);
			name = "Objective-C";
			path = "SwLibTidyTests/Objective-C";
			sourceTree = SOURCE_ROOT;
		};
		D0C3BCFF1F3CB3680007BB54 = {
			isa = PBXGroup;
			children = (
				D0C3BDC51F3CC0510007BB54 /* console */,
				D06AD6B11F3CF33E00199B88 /* gui */,
				D0C3BD0B1F3CB3680007BB54 /* SwLibTidy */,
				D0D06CCE1F8AE6ED00370E9D /* CLibTidy */,
				D0C3BD161F3CB3690007BB54 /* SwLibTidyTests */,
				D0C3BD0A1F3CB3680007BB54 /* Products */,
				D0D06F4B1F8AF13A00370E9D /* Frameworks */,
			);
			sourceTree = "<group>";
		};
		D0C3BD0A1F3CB3680007BB54 /* Products */ = {
			isa = PBXGroup;
			children = (
				D0C3BD091F3CB3680007BB54 /* SwLibTidy.framework */,
				D0C3BD121F3CB3690007BB54 /* Swift Tests.xctest */,
				D0C3BDC41F3CC0510007BB54 /* console */,
				D0C2D7641F3CE994002551A9 /* libtidy.a */,
				D06AD6B01F3CF33E00199B88 /* gui.app */,
				D0D06F401F8AF0F300370E9D /* SwLibTidy.a */,
				D0AD287E1F8BEEC000972DB7 /* Objective-C Tests.xctest */,
			);
			name = Products;
			sourceTree = SOURCE_ROOT;
		};
		D0C3BD0B1F3CB3680007BB54 /* SwLibTidy */ = {
			isa = PBXGroup;
			children = (
				D04034891F4365B300A2A9DC /* README.md */,
				D0A8A9CE1F41C69000A2DB63 /* SwLibTidy.swift */,
				D0AD286F1F8BDE7800972DB7 /* TidyEngine.swift */,
				D00892DB1F4F2ABC007A1CA4 /* TidyBuffer.swift */,
				D0DEFE201F50C7910034C732 /* TidyConfigReport.swift */,
				D0A8A9D51F41E22300A2DB63 /* Info.plist */,
			);
			path = SwLibTidy;
			sourceTree = SOURCE_ROOT;
		};
		D0C3BD161F3CB3690007BB54 /* SwLibTidyTests */ = {
			isa = PBXGroup;
			children = (
				D0AD288A1F8BEF4900972DB7 /* Swift */,
				D0AD288B1F8BEF4D00972DB7 /* Objective-C */,
			);
			path = SwLibTidyTests;
			sourceTree = SOURCE_ROOT;
		};
		D0C3BDC51F3CC0510007BB54 /* console */ = {
			isa = PBXGroup;
			children = (
				D0692FC91F3CE8930045AB69 /* README.md */,
				D06AD6A21F3CED5A00199B88 /* main.swift */,
			);
			path = console;
			sourceTree = SOURCE_ROOT;
		};
		D0D06CCE1F8AE6ED00370E9D /* CLibTidy */ = {
			isa = PBXGroup;
			children = (
				D0D06E671F8AE7AC00370E9D /* README.md */,
				D0D06E681F8AE7CE00370E9D /* tidy-html5 */,
			);
			path = CLibTidy;
			sourceTree = SOURCE_ROOT;
		};
		D0D06E681F8AE7CE00370E9D /* tidy-html5 */ = {
			isa = PBXGroup;
			children = (
				D0D06EB11F8AE7CE00370E9D /* README.md */,
				D0D06E881F8AE7CE00370E9D /* include */,
				D0D06EB21F8AE7CE00370E9D /* src */,
				D0D06EEE1F8AE7CE00370E9D /* version.txt */,
			);
			path = "tidy-html5";
			sourceTree = "<group>";
		};
		D0D06E881F8AE7CE00370E9D /* include */ = {
			isa = PBXGroup;
			children = (
				D0D06E8B1F8AE7CE00370E9D /* tidy.h */,
				D0D06E8C1F8AE7CE00370E9D /* tidybuffio.h */,
				D0D06E8D1F8AE7CE00370E9D /* tidyenum.h */,
				D0D06E8E1F8AE7CE00370E9D /* tidyplatform.h */,
			);
			path = include;
			sourceTree = "<group>";
		};
		D0D06EB21F8AE7CE00370E9D /* src */ = {
			isa = PBXGroup;
			children = (
				D0D06EB31F8AE7CE00370E9D /* access.c */,
				D0D06EB41F8AE7CE00370E9D /* access.h */,
				D0D06EB51F8AE7CE00370E9D /* alloc.c */,
				D0D06EB61F8AE7CE00370E9D /* attrapi.c */,
				D0D06EB71F8AE7CE00370E9D /* attrdict.c */,
				D0D06EB81F8AE7CE00370E9D /* attrdict.h */,
				D0D06EB91F8AE7CE00370E9D /* attrs.c */,
				D0D06EBA1F8AE7CE00370E9D /* attrs.h */,
				D0D06EBB1F8AE7CE00370E9D /* buffio.c */,
				D0D06EBC1F8AE7CE00370E9D /* charsets.c */,
				D0D06EBD1F8AE7CE00370E9D /* charsets.h */,
				D0D06EBE1F8AE7CE00370E9D /* clean.c */,
				D0D06EBF1F8AE7CE00370E9D /* clean.h */,
				D0D06EC01F8AE7CE00370E9D /* config.c */,
				D0D06EC11F8AE7CE00370E9D /* config.h */,
				D0D06EC21F8AE7CE00370E9D /* entities.c */,
				D0D06EC31F8AE7CE00370E9D /* entities.h */,
				D0D06EC41F8AE7CE00370E9D /* fileio.c */,
				D0D06EC51F8AE7CE00370E9D /* fileio.h */,
				D0D06EC61F8AE7CE00370E9D /* forward.h */,
				D0D06EC71F8AE7CE00370E9D /* gdoc.c */,
				D0D06EC81F8AE7CE00370E9D /* gdoc.h */,
				D0D06EC91F8AE7CE00370E9D /* istack.c */,
				D0D06ECA1F8AE7CE00370E9D /* language.c */,
				D0D06ECB1F8AE7CE00370E9D /* language.h */,
				D0D06ECC1F8AE7CE00370E9D /* language_en.h */,
				D0D06ECD1F8AE7CE00370E9D /* language_en_gb.h */,
				D0D06ECE1F8AE7CE00370E9D /* language_es.h */,
				D0D06ECF1F8AE7CE00370E9D /* language_es_mx.h */,
				D0D06ED01F8AE7CE00370E9D /* language_fr.h */,
				D0D06ED11F8AE7CE00370E9D /* language_pt_br.h */,
				D0D06ED21F8AE7CE00370E9D /* language_zh_cn.h */,
				D0D06ED31F8AE7CE00370E9D /* lexer.c */,
				D0D06ED41F8AE7CE00370E9D /* lexer.h */,
				D0D06ED51F8AE7CE00370E9D /* mappedio.c */,
				D0D06ED61F8AE7CE00370E9D /* mappedio.h */,
				D0D06ED71F8AE7CE00370E9D /* message.c */,
				D0D06ED81F8AE7CE00370E9D /* message.h */,
				D0D06ED91F8AE7CE00370E9D /* messageobj.c */,
				D0D06EDA1F8AE7CE00370E9D /* messageobj.h */,
				D0D06EDB1F8AE7CE00370E9D /* parser.c */,
				D0D06EDC1F8AE7CE00370E9D /* parser.h */,
				D0D06EDD1F8AE7CE00370E9D /* pprint.c */,
				D0D06EDE1F8AE7CE00370E9D /* pprint.h */,
				D0D06EDF1F8AE7CE00370E9D /* sprtf.c */,
				D0D06EE01F8AE7CE00370E9D /* sprtf.h */,
				D0D06EE11F8AE7CE00370E9D /* streamio.c */,
				D0D06EE21F8AE7CE00370E9D /* streamio.h */,
				D0D06EE31F8AE7CE00370E9D /* tagask.c */,
				D0D06EE41F8AE7CE00370E9D /* tags.c */,
				D0D06EE51F8AE7CE00370E9D /* tags.h */,
				D0D06EE61F8AE7CE00370E9D /* tidy-int.h */,
				D0D06EE71F8AE7CE00370E9D /* tidylib.c */,
				D0D06EE81F8AE7CE00370E9D /* tmbstr.c */,
				D0D06EE91F8AE7CE00370E9D /* tmbstr.h */,
				D0D06EEA1F8AE7CE00370E9D /* utf8.c */,
				D0D06EEB1F8AE7CE00370E9D /* utf8.h */,
				D0D06EEC1F8AE7CE00370E9D /* version.h */,
			);
			path = src;
			sourceTree = "<group>";
		};
		D0D06F4B1F8AF13A00370E9D /* Frameworks */ = {
			isa = PBXGroup;
			children = (
				D0AD28781F8BE6B400972DB7 /* XCTest.framework */,
			);
			name = Frameworks;
			sourceTree = "<group>";
		};
/* End PBXGroup section */

/* Begin PBXHeadersBuildPhase section */
		D0C2D7621F3CE994002551A9 /* Headers */ = {
			isa = PBXHeadersBuildPhase;
			buildActionMask = 2147483647;
			files = (
				D0D06F0A1F8AEAE000370E9D /* tidy.h in Headers */,
				D0D06F0B1F8AEAE000370E9D /* tidybuffio.h in Headers */,
				D0D06F0C1F8AEAE000370E9D /* tidyenum.h in Headers */,
				D0D06F0D1F8AEAE000370E9D /* tidyplatform.h in Headers */,
				D0D06F0E1F8AEAF000370E9D /* access.h in Headers */,
				D0D06F0F1F8AEAF000370E9D /* attrdict.h in Headers */,
				D0D06F101F8AEAF000370E9D /* attrs.h in Headers */,
				D0D06F111F8AEAF000370E9D /* charsets.h in Headers */,
				D0D06F121F8AEAF000370E9D /* clean.h in Headers */,
				D0D06F131F8AEAF000370E9D /* config.h in Headers */,
				D0D06F141F8AEAF000370E9D /* entities.h in Headers */,
				D0D06F151F8AEAF000370E9D /* fileio.h in Headers */,
				D0D06F161F8AEAF000370E9D /* forward.h in Headers */,
				D0D06F171F8AEAF000370E9D /* gdoc.h in Headers */,
				D0D06F181F8AEAF000370E9D /* language.h in Headers */,
				D0D06F191F8AEAF000370E9D /* language_en.h in Headers */,
				D0D06F1A1F8AEAF000370E9D /* language_en_gb.h in Headers */,
				D0D06F1B1F8AEAF000370E9D /* language_es.h in Headers */,
				D0D06F1C1F8AEAF000370E9D /* language_es_mx.h in Headers */,
				D0D06F1D1F8AEAF000370E9D /* language_fr.h in Headers */,
				D0D06F1E1F8AEAF000370E9D /* language_pt_br.h in Headers */,
				D0D06F1F1F8AEAF000370E9D /* language_zh_cn.h in Headers */,
				D0D06F201F8AEAF000370E9D /* lexer.h in Headers */,
				D0D06F211F8AEAF000370E9D /* mappedio.h in Headers */,
				D0D06F221F8AEAF000370E9D /* message.h in Headers */,
				D0D06F231F8AEAF000370E9D /* messageobj.h in Headers */,
				D0D06F241F8AEAF000370E9D /* parser.h in Headers */,
				D0D06F251F8AEAF000370E9D /* pprint.h in Headers */,
				D0D06F261F8AEAF000370E9D /* sprtf.h in Headers */,
				D0D06F271F8AEAF000370E9D /* streamio.h in Headers */,
				D0D06F281F8AEAF000370E9D /* tags.h in Headers */,
				D0D06F291F8AEAF000370E9D /* tidy-int.h in Headers */,
				D0D06F2A1F8AEAF000370E9D /* tmbstr.h in Headers */,
				D0D06F2B1F8AEAF000370E9D /* utf8.h in Headers */,
				D0D06F2C1F8AEAF000370E9D /* version.h in Headers */,
			);
			runOnlyForDeploymentPostprocessing = 0;
		};
		D0C3BD061F3CB3680007BB54 /* Headers */ = {
			isa = PBXHeadersBuildPhase;
			buildActionMask = 2147483647;
			files = (
			);
			runOnlyForDeploymentPostprocessing = 0;
		};
		D0D06F3E1F8AF0F300370E9D /* Headers */ = {
			isa = PBXHeadersBuildPhase;
			buildActionMask = 2147483647;
			files = (
			);
			runOnlyForDeploymentPostprocessing = 0;
		};
/* End PBXHeadersBuildPhase section */

/* Begin PBXNativeTarget section */
		D06AD6AF1F3CF33E00199B88 /* gui */ = {
			isa = PBXNativeTarget;
			buildConfigurationList = D06AD6BC1F3CF33E00199B88 /* Build configuration list for PBXNativeTarget "gui" */;
			buildPhases = (
				D06AD6AC1F3CF33E00199B88 /* Sources */,
				D06AD6AD1F3CF33E00199B88 /* Frameworks */,
				D06AD6AE1F3CF33E00199B88 /* Resources */,
			);
			buildRules = (
			);
			dependencies = (
				D06AD6C01F3CF36000199B88 /* PBXTargetDependency */,
			);
			name = gui;
			productName = gui;
			productReference = D06AD6B01F3CF33E00199B88 /* gui.app */;
			productType = "com.apple.product-type.application";
		};
		D0AD287D1F8BEEC000972DB7 /* Objective-C Tests */ = {
			isa = PBXNativeTarget;
			buildConfigurationList = D0AD28861F8BEEC000972DB7 /* Build configuration list for PBXNativeTarget "Objective-C Tests" */;
			buildPhases = (
				D0AD287A1F8BEEC000972DB7 /* Sources */,
				D0AD287B1F8BEEC000972DB7 /* Frameworks */,
				D0AD287C1F8BEEC000972DB7 /* Resources */,
			);
			buildRules = (
			);
			dependencies = (
				D09014C51F8BF2E100B56A62 /* PBXTargetDependency */,
			);
			name = "Objective-C Tests";
			productName = CocoaTests;
			productReference = D0AD287E1F8BEEC000972DB7 /* Objective-C Tests.xctest */;
			productType = "com.apple.product-type.bundle.unit-test";
		};
		D0C2D7631F3CE994002551A9 /* libtidy.a */ = {
			isa = PBXNativeTarget;
			buildConfigurationList = D0C2D7651F3CE995002551A9 /* Build configuration list for PBXNativeTarget "libtidy.a" */;
			buildPhases = (
				D0C2D7601F3CE994002551A9 /* Sources */,
				D0C2D7611F3CE994002551A9 /* Frameworks */,
				D0C2D7621F3CE994002551A9 /* Headers */,
			);
			buildRules = (
				D0DEFE1D1F3F51C40034C732 /* PBXBuildRule */,
			);
			dependencies = (
			);
			name = libtidy.a;
			productName = "tidy-html5";
			productReference = D0C2D7641F3CE994002551A9 /* libtidy.a */;
			productType = "com.apple.product-type.library.static";
		};
		D0C3BD081F3CB3680007BB54 /* SwLibTidy.dylib */ = {
			isa = PBXNativeTarget;
			buildConfigurationList = D0C3BD1D1F3CB3690007BB54 /* Build configuration list for PBXNativeTarget "SwLibTidy.dylib" */;
			buildPhases = (
				D0C3BD041F3CB3680007BB54 /* Sources */,
				D0C3BD051F3CB3680007BB54 /* Frameworks */,
				D0C3BD061F3CB3680007BB54 /* Headers */,
				D0C3BD071F3CB3680007BB54 /* Resources */,
			);
			buildRules = (
			);
			dependencies = (
				D06AD6A71F3CF08A00199B88 /* PBXTargetDependency */,
			);
			name = SwLibTidy.dylib;
			productName = LibTidy;
			productReference = D0C3BD091F3CB3680007BB54 /* SwLibTidy.framework */;
			productType = "com.apple.product-type.framework";
		};
		D0C3BD111F3CB3690007BB54 /* Swift Tests */ = {
			isa = PBXNativeTarget;
			buildConfigurationList = D0C3BD201F3CB3690007BB54 /* Build configuration list for PBXNativeTarget "Swift Tests" */;
			buildPhases = (
				D0C3BD0E1F3CB3690007BB54 /* Sources */,
				D0C3BD0F1F3CB3690007BB54 /* Frameworks */,
				D0C3BD101F3CB3690007BB54 /* Resources */,
			);
			buildRules = (
			);
			dependencies = (
				D0C3BD151F3CB3690007BB54 /* PBXTargetDependency */,
			);
			name = "Swift Tests";
			productName = LibTidyTests;
			productReference = D0C3BD121F3CB3690007BB54 /* Swift Tests.xctest */;
			productType = "com.apple.product-type.bundle.unit-test";
		};
		D0C3BDC31F3CC0510007BB54 /* console */ = {
			isa = PBXNativeTarget;
			buildConfigurationList = D0C3BDC81F3CC0510007BB54 /* Build configuration list for PBXNativeTarget "console" */;
			buildPhases = (
				D0C3BDC01F3CC0510007BB54 /* Sources */,
				D0C3BDC11F3CC0510007BB54 /* Frameworks */,
				D0692FC81F3CE4DE0045AB69 /* CopyFiles */,
			);
			buildRules = (
			);
			dependencies = (
				D0D06F511F8AF19400370E9D /* PBXTargetDependency */,
			);
			name = console;
			productName = tidy;
			productReference = D0C3BDC41F3CC0510007BB54 /* console */;
			productType = "com.apple.product-type.tool";
		};
		D0D06F3F1F8AF0F300370E9D /* SwLibTidy.a */ = {
			isa = PBXNativeTarget;
			buildConfigurationList = D0D06F461F8AF0F300370E9D /* Build configuration list for PBXNativeTarget "SwLibTidy.a" */;
			buildPhases = (
				D0D06F3C1F8AF0F300370E9D /* Sources */,
				D0D06F3D1F8AF0F300370E9D /* Frameworks */,
				D0D06F3E1F8AF0F300370E9D /* Headers */,
			);
			buildRules = (
			);
			dependencies = (
				D0D06F4A1F8AF13300370E9D /* PBXTargetDependency */,
			);
			name = SwLibTidy.a;
			productName = SwLibTidy.a;
			productReference = D0D06F401F8AF0F300370E9D /* SwLibTidy.a */;
			productType = "com.apple.product-type.library.static";
		};
/* End PBXNativeTarget section */

/* Begin PBXProject section */
		D0C3BD001F3CB3680007BB54 /* Project object */ = {
			isa = PBXProject;
			attributes = {
				LastSwiftUpdateCheck = 0830;
				LastUpgradeCheck = 0900;
				ORGANIZATIONNAME = "Jim Derry";
				TargetAttributes = {
					D06AD6AF1F3CF33E00199B88 = {
						CreatedOnToolsVersion = 8.3.3;
						ProvisioningStyle = Automatic;
					};
					D0AD287D1F8BEEC000972DB7 = {
						CreatedOnToolsVersion = 9.0;
						ProvisioningStyle = Automatic;
					};
					D0C2D7631F3CE994002551A9 = {
						CreatedOnToolsVersion = 8.3.3;
						ProvisioningStyle = Automatic;
					};
					D0C3BD081F3CB3680007BB54 = {
						CreatedOnToolsVersion = 8.3.3;
						LastSwiftMigration = 0900;
						ProvisioningStyle = Automatic;
					};
					D0C3BD111F3CB3690007BB54 = {
						CreatedOnToolsVersion = 8.3.3;
						LastSwiftMigration = 0900;
						ProvisioningStyle = Automatic;
					};
					D0C3BDC31F3CC0510007BB54 = {
						CreatedOnToolsVersion = 8.3.3;
						LastSwiftMigration = 0900;
						ProvisioningStyle = Automatic;
					};
					D0D06F3F1F8AF0F300370E9D = {
						CreatedOnToolsVersion = 9.0;
						DevelopmentTeam = 9PN2JXXG7Y;
						ProvisioningStyle = Automatic;
					};
				};
			};
			buildConfigurationList = D0C3BD031F3CB3680007BB54 /* Build configuration list for PBXProject "SwLibTidy" */;
			compatibilityVersion = "Xcode 3.2";
			developmentRegion = English;
			hasScannedForEncodings = 0;
			knownRegions = (
				en,
				Base,
			);
			mainGroup = D0C3BCFF1F3CB3680007BB54;
			productRefGroup = D0C3BD0A1F3CB3680007BB54 /* Products */;
			projectDirPath = "";
			projectRoot = "";
			targets = (
				D0C3BDC31F3CC0510007BB54 /* console */,
				D06AD6AF1F3CF33E00199B88 /* gui */,
				D0C3BD081F3CB3680007BB54 /* SwLibTidy.dylib */,
				D0D06F3F1F8AF0F300370E9D /* SwLibTidy.a */,
				D0C2D7631F3CE994002551A9 /* libtidy.a */,
				D0C3BD111F3CB3690007BB54 /* Swift Tests */,
				D0AD287D1F8BEEC000972DB7 /* Objective-C Tests */,
			);
		};
/* End PBXProject section */

/* Begin PBXResourcesBuildPhase section */
		D06AD6AE1F3CF33E00199B88 /* Resources */ = {
			isa = PBXResourcesBuildPhase;
			buildActionMask = 2147483647;
			files = (
				D06AD6B71F3CF33E00199B88 /* Assets.xcassets in Resources */,
				D06AD6BA1F3CF33E00199B88 /* Main.storyboard in Resources */,
			);
			runOnlyForDeploymentPostprocessing = 0;
		};
		D0AD287C1F8BEEC000972DB7 /* Resources */ = {
			isa = PBXResourcesBuildPhase;
			buildActionMask = 2147483647;
			files = (
			);
			runOnlyForDeploymentPostprocessing = 0;
		};
		D0C3BD071F3CB3680007BB54 /* Resources */ = {
			isa = PBXResourcesBuildPhase;
			buildActionMask = 2147483647;
			files = (
			);
			runOnlyForDeploymentPostprocessing = 0;
		};
		D0C3BD101F3CB3690007BB54 /* Resources */ = {
			isa = PBXResourcesBuildPhase;
			buildActionMask = 2147483647;
			files = (
			);
			runOnlyForDeploymentPostprocessing = 0;
		};
/* End PBXResourcesBuildPhase section */

/* Begin PBXSourcesBuildPhase section */
		D06AD6AC1F3CF33E00199B88 /* Sources */ = {
			isa = PBXSourcesBuildPhase;
			buildActionMask = 2147483647;
			files = (
				D06AD6B51F3CF33E00199B88 /* ViewController.swift in Sources */,
				D06AD6B31F3CF33E00199B88 /* AppDelegate.swift in Sources */,
			);
			runOnlyForDeploymentPostprocessing = 0;
		};
		D0AD287A1F8BEEC000972DB7 /* Sources */ = {
			isa = PBXSourcesBuildPhase;
			buildActionMask = 2147483647;
			files = (
				D09014CC1F8BFB3F00B56A62 /* SwLibTidyTests.m in Sources */,
			);
			runOnlyForDeploymentPostprocessing = 0;
		};
		D0C2D7601F3CE994002551A9 /* Sources */ = {
			isa = PBXSourcesBuildPhase;
			buildActionMask = 2147483647;
			files = (
				D0D06F2E1F8AEB6700370E9D /* version.txt in Sources */,
				D0D06EEF1F8AEACD00370E9D /* access.c in Sources */,
				D0D06EF01F8AEACD00370E9D /* alloc.c in Sources */,
				D0D06EF11F8AEACD00370E9D /* attrapi.c in Sources */,
				D0D06EF21F8AEACD00370E9D /* attrdict.c in Sources */,
				D0D06EF31F8AEACD00370E9D /* attrs.c in Sources */,
				D0D06EF41F8AEACD00370E9D /* buffio.c in Sources */,
				D0D06EF51F8AEACD00370E9D /* charsets.c in Sources */,
				D0D06EF61F8AEACD00370E9D /* clean.c in Sources */,
				D0D06EF71F8AEACD00370E9D /* config.c in Sources */,
				D0D06EF81F8AEACD00370E9D /* entities.c in Sources */,
				D0D06EF91F8AEACD00370E9D /* fileio.c in Sources */,
				D0D06EFA1F8AEACD00370E9D /* gdoc.c in Sources */,
				D0D06EFB1F8AEACD00370E9D /* istack.c in Sources */,
				D0D06EFC1F8AEACD00370E9D /* language.c in Sources */,
				D0D06EFD1F8AEACD00370E9D /* lexer.c in Sources */,
				D0D06EFE1F8AEACD00370E9D /* mappedio.c in Sources */,
				D0D06EFF1F8AEACD00370E9D /* message.c in Sources */,
				D0D06F001F8AEACD00370E9D /* messageobj.c in Sources */,
				D0D06F011F8AEACD00370E9D /* parser.c in Sources */,
				D0D06F021F8AEACE00370E9D /* pprint.c in Sources */,
				D0D06F031F8AEACE00370E9D /* sprtf.c in Sources */,
				D0D06F041F8AEACE00370E9D /* streamio.c in Sources */,
				D0D06F051F8AEACE00370E9D /* tagask.c in Sources */,
				D0D06F061F8AEACE00370E9D /* tags.c in Sources */,
				D0D06F071F8AEACE00370E9D /* tidylib.c in Sources */,
				D0D06F081F8AEACE00370E9D /* tmbstr.c in Sources */,
				D0D06F091F8AEACE00370E9D /* utf8.c in Sources */,
			);
			runOnlyForDeploymentPostprocessing = 0;
		};
		D0C3BD041F3CB3680007BB54 /* Sources */ = {
			isa = PBXSourcesBuildPhase;
			buildActionMask = 2147483647;
			files = (
				D0A8A9D01F41C69600A2DB63 /* SwLibTidy.swift in Sources */,
				D00892DD1F4F2AC6007A1CA4 /* TidyBuffer.swift in Sources */,
				D0DEFE221F50C7910034C732 /* TidyConfigReport.swift in Sources */,
				D0AD28701F8BDE7800972DB7 /* TidyEngine.swift in Sources */,
			);
			runOnlyForDeploymentPostprocessing = 0;
		};
		D0C3BD0E1F3CB3690007BB54 /* Sources */ = {
			isa = PBXSourcesBuildPhase;
			buildActionMask = 2147483647;
			files = (
				D0A8A9DF1F41F74E00A2DB63 /* SwLibTidyTests_Basic.swift in Sources */,
				D04034921F4386EA00A2A9DC /* SwLibTidyTests_Advanced.swift in Sources */,
			);
			runOnlyForDeploymentPostprocessing = 0;
		};
		D0C3BDC01F3CC0510007BB54 /* Sources */ = {
			isa = PBXSourcesBuildPhase;
			buildActionMask = 2147483647;
			files = (
				D06AD6A31F3CED5A00199B88 /* main.swift in Sources */,
			);
			runOnlyForDeploymentPostprocessing = 0;
		};
		D0D06F3C1F8AF0F300370E9D /* Sources */ = {
			isa = PBXSourcesBuildPhase;
			buildActionMask = 2147483647;
			files = (
				D0D06F4D1F8AF14B00370E9D /* SwLibTidy.swift in Sources */,
				D0D06F4E1F8AF14F00370E9D /* TidyBuffer.swift in Sources */,
				D0D06F4F1F8AF15300370E9D /* TidyConfigReport.swift in Sources */,
				D0AD28711F8BDE7800972DB7 /* TidyEngine.swift in Sources */,
			);
			runOnlyForDeploymentPostprocessing = 0;
		};
/* End PBXSourcesBuildPhase section */

/* Begin PBXTargetDependency section */
		D06AD6A71F3CF08A00199B88 /* PBXTargetDependency */ = {
			isa = PBXTargetDependency;
			target = D0C2D7631F3CE994002551A9 /* libtidy.a */;
			targetProxy = D06AD6A61F3CF08A00199B88 /* PBXContainerItemProxy */;
		};
		D06AD6C01F3CF36000199B88 /* PBXTargetDependency */ = {
			isa = PBXTargetDependency;
			target = D0C3BD081F3CB3680007BB54 /* SwLibTidy.dylib */;
			targetProxy = D06AD6BF1F3CF36000199B88 /* PBXContainerItemProxy */;
		};
		D09014C51F8BF2E100B56A62 /* PBXTargetDependency */ = {
			isa = PBXTargetDependency;
			target = D0C3BD081F3CB3680007BB54 /* SwLibTidy.dylib */;
			targetProxy = D09014C41F8BF2E100B56A62 /* PBXContainerItemProxy */;
		};
		D0C3BD151F3CB3690007BB54 /* PBXTargetDependency */ = {
			isa = PBXTargetDependency;
			target = D0C3BD081F3CB3680007BB54 /* SwLibTidy.dylib */;
			targetProxy = D0C3BD141F3CB3690007BB54 /* PBXContainerItemProxy */;
		};
		D0D06F4A1F8AF13300370E9D /* PBXTargetDependency */ = {
			isa = PBXTargetDependency;
			target = D0C2D7631F3CE994002551A9 /* libtidy.a */;
			targetProxy = D0D06F491F8AF13300370E9D /* PBXContainerItemProxy */;
		};
		D0D06F511F8AF19400370E9D /* PBXTargetDependency */ = {
			isa = PBXTargetDependency;
			target = D0D06F3F1F8AF0F300370E9D /* SwLibTidy.a */;
			targetProxy = D0D06F501F8AF19400370E9D /* PBXContainerItemProxy */;
		};
/* End PBXTargetDependency section */

/* Begin PBXVariantGroup section */
		D06AD6B81F3CF33E00199B88 /* Main.storyboard */ = {
			isa = PBXVariantGroup;
			children = (
				D06AD6B91F3CF33E00199B88 /* Base */,
			);
			name = Main.storyboard;
			sourceTree = "<group>";
		};
/* End PBXVariantGroup section */

/* Begin XCBuildConfiguration section */
		D06AD6BD1F3CF33E00199B88 /* Debug */ = {
			isa = XCBuildConfiguration;
			buildSettings = {
				ASSETCATALOG_COMPILER_APPICON_NAME = AppIcon;
				COMBINE_HIDPI_IMAGES = YES;
				INFOPLIST_FILE = gui/Info.plist;
				LD_RUNPATH_SEARCH_PATHS = "$(inherited) @executable_path/../Frameworks";
				PRODUCT_BUNDLE_IDENTIFIER = com.balthisar.gui;
				PRODUCT_NAME = "$(TARGET_NAME)";
			};
			name = Debug;
		};
		D06AD6BE1F3CF33E00199B88 /* Release */ = {
			isa = XCBuildConfiguration;
			buildSettings = {
				ASSETCATALOG_COMPILER_APPICON_NAME = AppIcon;
				COMBINE_HIDPI_IMAGES = YES;
				INFOPLIST_FILE = gui/Info.plist;
				LD_RUNPATH_SEARCH_PATHS = "$(inherited) @executable_path/../Frameworks";
				PRODUCT_BUNDLE_IDENTIFIER = com.balthisar.gui;
				PRODUCT_NAME = "$(TARGET_NAME)";
			};
			name = Release;
		};
		D0AD28871F8BEEC000972DB7 /* Debug */ = {
			isa = XCBuildConfiguration;
			buildSettings = {
				ALWAYS_EMBED_SWIFT_STANDARD_LIBRARIES = YES;
				CLANG_CXX_LANGUAGE_STANDARD = "gnu++14";
				CLANG_WARN_COMMA = YES;
				CLANG_WARN_DOCUMENTATION_COMMENTS = YES;
				CLANG_WARN_STRICT_PROTOTYPES = YES;
				CLANG_WARN_UNGUARDED_AVAILABILITY = YES_AGGRESSIVE;
				CODE_SIGN_IDENTITY = "-";
				CODE_SIGN_STYLE = Automatic;
				COMBINE_HIDPI_IMAGES = YES;
				GCC_C_LANGUAGE_STANDARD = gnu11;
				GCC_DYNAMIC_NO_PIC = NO;
				GCC_WARN_64_TO_32_BIT_CONVERSION = YES;
				INFOPLIST_FILE = "SwLibTidyTests/Objective-C/Info.plist";
				LD_RUNPATH_SEARCH_PATHS = "$(inherited) @executable_path/../Frameworks @loader_path/../Frameworks";
				MACOSX_DEPLOYMENT_TARGET = 10.13;
				PRODUCT_BUNDLE_IDENTIFIER = com.balthisar.CocoaTests;
				PRODUCT_NAME = "$(TARGET_NAME)";
				SDKROOT = macosx;
			};
			name = Debug;
		};
		D0AD28881F8BEEC000972DB7 /* Release */ = {
			isa = XCBuildConfiguration;
			buildSettings = {
				ALWAYS_EMBED_SWIFT_STANDARD_LIBRARIES = YES;
				CLANG_CXX_LANGUAGE_STANDARD = "gnu++14";
				CLANG_WARN_COMMA = YES;
				CLANG_WARN_DOCUMENTATION_COMMENTS = YES;
				CLANG_WARN_STRICT_PROTOTYPES = YES;
				CLANG_WARN_UNGUARDED_AVAILABILITY = YES_AGGRESSIVE;
				CODE_SIGN_IDENTITY = "-";
				CODE_SIGN_STYLE = Automatic;
				COMBINE_HIDPI_IMAGES = YES;
				GCC_C_LANGUAGE_STANDARD = gnu11;
				GCC_WARN_64_TO_32_BIT_CONVERSION = YES;
				INFOPLIST_FILE = "SwLibTidyTests/Objective-C/Info.plist";
				LD_RUNPATH_SEARCH_PATHS = "$(inherited) @executable_path/../Frameworks @loader_path/../Frameworks";
				MACOSX_DEPLOYMENT_TARGET = 10.13;
				PRODUCT_BUNDLE_IDENTIFIER = com.balthisar.CocoaTests;
				PRODUCT_NAME = "$(TARGET_NAME)";
				SDKROOT = macosx;
			};
			name = Release;
		};
		D0C2D7661F3CE995002551A9 /* Debug */ = {
			isa = XCBuildConfiguration;
			buildSettings = {
				EXECUTABLE_PREFIX = "";
				GCC_PREFIX_HEADER = "${SRCROOT}/CLibTidy/tidy-html5-version.h";
				PRODUCT_NAME = libtidy;
			};
			name = Debug;
		};
		D0C2D7671F3CE995002551A9 /* Release */ = {
			isa = XCBuildConfiguration;
			buildSettings = {
				EXECUTABLE_PREFIX = "";
				GCC_PREFIX_HEADER = "${SRCROOT}/CLibTidy/tidy-html5-version.h";
				PRODUCT_NAME = libtidy;
			};
			name = Release;
		};
		D0C3BD1B1F3CB3690007BB54 /* Debug */ = {
			isa = XCBuildConfiguration;
			buildSettings = {
				ALWAYS_SEARCH_USER_PATHS = NO;
				CLANG_ANALYZER_NONNULL = YES;
				CLANG_ANALYZER_NUMBER_OBJECT_CONVERSION = YES_AGGRESSIVE;
				CLANG_CXX_LANGUAGE_STANDARD = "gnu++0x";
				CLANG_CXX_LIBRARY = "libc++";
				CLANG_ENABLE_MODULES = YES;
				CLANG_ENABLE_OBJC_ARC = YES;
				CLANG_WARN_BLOCK_CAPTURE_AUTORELEASING = YES;
				CLANG_WARN_BOOL_CONVERSION = YES;
				CLANG_WARN_COMMA = NO;
				CLANG_WARN_CONSTANT_CONVERSION = YES;
				CLANG_WARN_DIRECT_OBJC_ISA_USAGE = YES_ERROR;
				CLANG_WARN_DOCUMENTATION_COMMENTS = NO;
				CLANG_WARN_EMPTY_BODY = YES;
				CLANG_WARN_ENUM_CONVERSION = YES;
				CLANG_WARN_INFINITE_RECURSION = YES;
				CLANG_WARN_INT_CONVERSION = YES;
				CLANG_WARN_NON_LITERAL_NULL_CONVERSION = YES;
				CLANG_WARN_OBJC_LITERAL_CONVERSION = YES;
				CLANG_WARN_OBJC_ROOT_CLASS = YES_ERROR;
				CLANG_WARN_RANGE_LOOP_ANALYSIS = YES;
				CLANG_WARN_STRICT_PROTOTYPES = NO;
				CLANG_WARN_SUSPICIOUS_MOVE = YES;
				CLANG_WARN_UNREACHABLE_CODE = YES;
				CLANG_WARN__DUPLICATE_METHOD_MATCH = YES;
				COPY_PHASE_STRIP = NO;
				CURRENT_PROJECT_VERSION = 1;
				DEBUG_INFORMATION_FORMAT = dwarf;
				ENABLE_STRICT_OBJC_MSGSEND = YES;
				ENABLE_TESTABILITY = YES;
				GCC_C_LANGUAGE_STANDARD = c89;
				GCC_NO_COMMON_BLOCKS = YES;
				GCC_OPTIMIZATION_LEVEL = 0;
				GCC_PREPROCESSOR_DEFINITIONS = (
					"DEBUG=1",
					"$(inherited)",
				);
				GCC_WARN_64_TO_32_BIT_CONVERSION = NO;
				GCC_WARN_ABOUT_RETURN_TYPE = YES_ERROR;
				GCC_WARN_UNDECLARED_SELECTOR = YES;
				GCC_WARN_UNINITIALIZED_AUTOS = YES_AGGRESSIVE;
				GCC_WARN_UNUSED_FUNCTION = YES;
				GCC_WARN_UNUSED_VARIABLE = YES;
				MACOSX_DEPLOYMENT_TARGET = 10.10;
				MTL_ENABLE_DEBUG_INFO = YES;
				ONLY_ACTIVE_ARCH = YES;
				SWIFT_ACTIVE_COMPILATION_CONDITIONS = DEBUG;
				SWIFT_INCLUDE_PATHS = "${SRCROOT}";
				SWIFT_OBJC_BRIDGING_HEADER = "";
				SWIFT_OPTIMIZATION_LEVEL = "-Onone";
				SWIFT_VERSION = 4.0;
				VERSION_INFO_PREFIX = "";
			};
			name = Debug;
		};
		D0C3BD1C1F3CB3690007BB54 /* Release */ = {
			isa = XCBuildConfiguration;
			buildSettings = {
				ALWAYS_SEARCH_USER_PATHS = NO;
				CLANG_ANALYZER_NONNULL = YES;
				CLANG_ANALYZER_NUMBER_OBJECT_CONVERSION = YES_AGGRESSIVE;
				CLANG_CXX_LANGUAGE_STANDARD = "gnu++0x";
				CLANG_CXX_LIBRARY = "libc++";
				CLANG_ENABLE_MODULES = YES;
				CLANG_ENABLE_OBJC_ARC = YES;
				CLANG_WARN_BLOCK_CAPTURE_AUTORELEASING = YES;
				CLANG_WARN_BOOL_CONVERSION = YES;
				CLANG_WARN_COMMA = NO;
				CLANG_WARN_CONSTANT_CONVERSION = YES;
				CLANG_WARN_DIRECT_OBJC_ISA_USAGE = YES_ERROR;
				CLANG_WARN_DOCUMENTATION_COMMENTS = NO;
				CLANG_WARN_EMPTY_BODY = YES;
				CLANG_WARN_ENUM_CONVERSION = YES;
				CLANG_WARN_INFINITE_RECURSION = YES;
				CLANG_WARN_INT_CONVERSION = YES;
				CLANG_WARN_NON_LITERAL_NULL_CONVERSION = YES;
				CLANG_WARN_OBJC_LITERAL_CONVERSION = YES;
				CLANG_WARN_OBJC_ROOT_CLASS = YES_ERROR;
				CLANG_WARN_RANGE_LOOP_ANALYSIS = YES;
				CLANG_WARN_STRICT_PROTOTYPES = NO;
				CLANG_WARN_SUSPICIOUS_MOVE = YES;
				CLANG_WARN_UNREACHABLE_CODE = YES;
				CLANG_WARN__DUPLICATE_METHOD_MATCH = YES;
				COPY_PHASE_STRIP = NO;
				CURRENT_PROJECT_VERSION = 1;
				DEBUG_INFORMATION_FORMAT = "dwarf-with-dsym";
				ENABLE_NS_ASSERTIONS = NO;
				ENABLE_STRICT_OBJC_MSGSEND = YES;
				GCC_C_LANGUAGE_STANDARD = c89;
				GCC_NO_COMMON_BLOCKS = YES;
				GCC_WARN_64_TO_32_BIT_CONVERSION = NO;
				GCC_WARN_ABOUT_RETURN_TYPE = YES_ERROR;
				GCC_WARN_UNDECLARED_SELECTOR = YES;
				GCC_WARN_UNINITIALIZED_AUTOS = YES_AGGRESSIVE;
				GCC_WARN_UNUSED_FUNCTION = YES;
				GCC_WARN_UNUSED_VARIABLE = YES;
				MACOSX_DEPLOYMENT_TARGET = 10.10;
				MTL_ENABLE_DEBUG_INFO = NO;
				SWIFT_INCLUDE_PATHS = "${SRCROOT}";
				SWIFT_OBJC_BRIDGING_HEADER = "";
				SWIFT_OPTIMIZATION_LEVEL = "-Owholemodule";
				SWIFT_VERSION = 4.0;
				VERSION_INFO_PREFIX = "";
			};
			name = Release;
		};
		D0C3BD1E1F3CB3690007BB54 /* Debug */ = {
			isa = XCBuildConfiguration;
			buildSettings = {
				CLANG_ENABLE_MODULES = YES;
				CODE_SIGN_IDENTITY = "";
				COMBINE_HIDPI_IMAGES = YES;
				DEFINES_MODULE = YES;
				DYLIB_COMPATIBILITY_VERSION = 1;
				DYLIB_CURRENT_VERSION = 1;
				DYLIB_INSTALL_NAME_BASE = "@rpath";
				FRAMEWORK_VERSION = A;
				INFOPLIST_FILE = SwLibTidy/Info.plist;
				INSTALL_PATH = "$(LOCAL_LIBRARY_DIR)/Frameworks";
				LD_RUNPATH_SEARCH_PATHS = "$(inherited) @executable_path/../Frameworks @loader_path/Frameworks";
				PRODUCT_BUNDLE_IDENTIFIER = com.balthisar.LibTidy;
				PRODUCT_NAME = SwLibTidy;
				SKIP_INSTALL = YES;
				SWIFT_OPTIMIZATION_LEVEL = "-Onone";
			};
			name = Debug;
		};
		D0C3BD1F1F3CB3690007BB54 /* Release */ = {
			isa = XCBuildConfiguration;
			buildSettings = {
				CLANG_ENABLE_MODULES = YES;
				CODE_SIGN_IDENTITY = "";
				COMBINE_HIDPI_IMAGES = YES;
				DEFINES_MODULE = YES;
				DYLIB_COMPATIBILITY_VERSION = 1;
				DYLIB_CURRENT_VERSION = 1;
				DYLIB_INSTALL_NAME_BASE = "@rpath";
				FRAMEWORK_VERSION = A;
				INFOPLIST_FILE = SwLibTidy/Info.plist;
				INSTALL_PATH = "$(LOCAL_LIBRARY_DIR)/Frameworks";
				LD_RUNPATH_SEARCH_PATHS = "$(inherited) @executable_path/../Frameworks @loader_path/Frameworks";
				PRODUCT_BUNDLE_IDENTIFIER = com.balthisar.LibTidy;
				PRODUCT_NAME = SwLibTidy;
				SKIP_INSTALL = YES;
			};
			name = Release;
		};
		D0C3BD211F3CB3690007BB54 /* Debug */ = {
			isa = XCBuildConfiguration;
			buildSettings = {
				ALWAYS_EMBED_SWIFT_STANDARD_LIBRARIES = YES;
				CLANG_ENABLE_MODULES = YES;
				COMBINE_HIDPI_IMAGES = YES;
				INFOPLIST_FILE = SwLibTidyTests/Swift/Info.plist;
				LD_RUNPATH_SEARCH_PATHS = "$(inherited) @executable_path/../Frameworks @loader_path/../Frameworks";
				PRODUCT_BUNDLE_IDENTIFIER = com.balthisar.LibTidyTests;
				PRODUCT_NAME = "$(TARGET_NAME)";
				SWIFT_OPTIMIZATION_LEVEL = "-Onone";
				SWIFT_VERSION = 4.0;
			};
			name = Debug;
		};
		D0C3BD221F3CB3690007BB54 /* Release */ = {
			isa = XCBuildConfiguration;
			buildSettings = {
				ALWAYS_EMBED_SWIFT_STANDARD_LIBRARIES = YES;
				CLANG_ENABLE_MODULES = YES;
				COMBINE_HIDPI_IMAGES = YES;
				INFOPLIST_FILE = SwLibTidyTests/Swift/Info.plist;
				LD_RUNPATH_SEARCH_PATHS = "$(inherited) @executable_path/../Frameworks @loader_path/../Frameworks";
				PRODUCT_BUNDLE_IDENTIFIER = com.balthisar.LibTidyTests;
				PRODUCT_NAME = "$(TARGET_NAME)";
				SWIFT_VERSION = 4.0;
			};
			name = Release;
		};
		D0C3BDC91F3CC0510007BB54 /* Debug */ = {
			isa = XCBuildConfiguration;
			buildSettings = {
				CLANG_ENABLE_MODULES = YES;
				INFOPLIST_FILE = "$(SRCROOT)/gui/Info.plist";
				LD_RUNPATH_SEARCH_PATHS = "$(inherited) @executable_path/../Frameworks @loader_path/../Frameworks";
				PRODUCT_NAME = "$(TARGET_NAME)";
				SWIFT_OBJC_BRIDGING_HEADER = "SwLibTidyTests/Objective-C/console-Bridging-Header.h";
				SWIFT_OPTIMIZATION_LEVEL = "-Onone";
				SWIFT_VERSION = 3.0;
			};
			name = Debug;
		};
		D0C3BDCA1F3CC0510007BB54 /* Release */ = {
			isa = XCBuildConfiguration;
			buildSettings = {
				CLANG_ENABLE_MODULES = YES;
				INFOPLIST_FILE = "$(SRCROOT)/gui/Info.plist";
				LD_RUNPATH_SEARCH_PATHS = "$(inherited) @executable_path/../Frameworks @loader_path/../Frameworks";
				PRODUCT_NAME = "$(TARGET_NAME)";
				SWIFT_OBJC_BRIDGING_HEADER = "SwLibTidyTests/Objective-C/console-Bridging-Header.h";
				SWIFT_VERSION = 3.0;
			};
			name = Release;
		};
		D0D06F471F8AF0F300370E9D /* Debug */ = {
			isa = XCBuildConfiguration;
			buildSettings = {
				CLANG_CXX_LANGUAGE_STANDARD = "gnu++14";
				CLANG_WARN_COMMA = YES;
				CLANG_WARN_DOCUMENTATION_COMMENTS = YES;
				CLANG_WARN_STRICT_PROTOTYPES = YES;
				CLANG_WARN_UNGUARDED_AVAILABILITY = YES_AGGRESSIVE;
				CODE_SIGN_IDENTITY = "Mac Developer";
				CODE_SIGN_STYLE = Automatic;
				DEVELOPMENT_TEAM = 9PN2JXXG7Y;
				EXECUTABLE_PREFIX = "";
				GCC_C_LANGUAGE_STANDARD = gnu11;
				GCC_DYNAMIC_NO_PIC = NO;
				GCC_NO_COMMON_BLOCKS = YES;
				GCC_WARN_64_TO_32_BIT_CONVERSION = YES;
				PRODUCT_NAME = SwLibTidy;
			};
			name = Debug;
		};
		D0D06F481F8AF0F300370E9D /* Release */ = {
			isa = XCBuildConfiguration;
			buildSettings = {
				CLANG_CXX_LANGUAGE_STANDARD = "gnu++14";
				CLANG_WARN_COMMA = YES;
				CLANG_WARN_DOCUMENTATION_COMMENTS = YES;
				CLANG_WARN_STRICT_PROTOTYPES = YES;
				CLANG_WARN_UNGUARDED_AVAILABILITY = YES_AGGRESSIVE;
				CODE_SIGN_IDENTITY = "Mac Developer";
				CODE_SIGN_STYLE = Automatic;
				DEVELOPMENT_TEAM = 9PN2JXXG7Y;
				EXECUTABLE_PREFIX = "";
				GCC_C_LANGUAGE_STANDARD = gnu11;
				GCC_NO_COMMON_BLOCKS = YES;
				GCC_WARN_64_TO_32_BIT_CONVERSION = YES;
				PRODUCT_NAME = SwLibTidy;
			};
			name = Release;
		};
/* End XCBuildConfiguration section */

/* Begin XCConfigurationList section */
		D06AD6BC1F3CF33E00199B88 /* Build configuration list for PBXNativeTarget "gui" */ = {
			isa = XCConfigurationList;
			buildConfigurations = (
				D06AD6BD1F3CF33E00199B88 /* Debug */,
				D06AD6BE1F3CF33E00199B88 /* Release */,
			);
			defaultConfigurationIsVisible = 0;
			defaultConfigurationName = Release;
		};
		D0AD28861F8BEEC000972DB7 /* Build configuration list for PBXNativeTarget "Objective-C Tests" */ = {
			isa = XCConfigurationList;
			buildConfigurations = (
				D0AD28871F8BEEC000972DB7 /* Debug */,
				D0AD28881F8BEEC000972DB7 /* Release */,
			);
			defaultConfigurationIsVisible = 0;
			defaultConfigurationName = Release;
		};
		D0C2D7651F3CE995002551A9 /* Build configuration list for PBXNativeTarget "libtidy.a" */ = {
			isa = XCConfigurationList;
			buildConfigurations = (
				D0C2D7661F3CE995002551A9 /* Debug */,
				D0C2D7671F3CE995002551A9 /* Release */,
			);
			defaultConfigurationIsVisible = 0;
			defaultConfigurationName = Release;
		};
		D0C3BD031F3CB3680007BB54 /* Build configuration list for PBXProject "SwLibTidy" */ = {
			isa = XCConfigurationList;
			buildConfigurations = (
				D0C3BD1B1F3CB3690007BB54 /* Debug */,
				D0C3BD1C1F3CB3690007BB54 /* Release */,
			);
			defaultConfigurationIsVisible = 0;
			defaultConfigurationName = Release;
		};
		D0C3BD1D1F3CB3690007BB54 /* Build configuration list for PBXNativeTarget "SwLibTidy.dylib" */ = {
			isa = XCConfigurationList;
			buildConfigurations = (
				D0C3BD1E1F3CB3690007BB54 /* Debug */,
				D0C3BD1F1F3CB3690007BB54 /* Release */,
			);
			defaultConfigurationIsVisible = 0;
			defaultConfigurationName = Release;
		};
		D0C3BD201F3CB3690007BB54 /* Build configuration list for PBXNativeTarget "Swift Tests" */ = {
			isa = XCConfigurationList;
			buildConfigurations = (
				D0C3BD211F3CB3690007BB54 /* Debug */,
				D0C3BD221F3CB3690007BB54 /* Release */,
			);
			defaultConfigurationIsVisible = 0;
			defaultConfigurationName = Release;
		};
		D0C3BDC81F3CC0510007BB54 /* Build configuration list for PBXNativeTarget "console" */ = {
			isa = XCConfigurationList;
			buildConfigurations = (
				D0C3BDC91F3CC0510007BB54 /* Debug */,
				D0C3BDCA1F3CC0510007BB54 /* Release */,
			);
			defaultConfigurationIsVisible = 0;
			defaultConfigurationName = Release;
		};
		D0D06F461F8AF0F300370E9D /* Build configuration list for PBXNativeTarget "SwLibTidy.a" */ = {
			isa = XCConfigurationList;
			buildConfigurations = (
				D0D06F471F8AF0F300370E9D /* Debug */,
				D0D06F481F8AF0F300370E9D /* Release */,
			);
			defaultConfigurationIsVisible = 0;
			defaultConfigurationName = Release;
		};
/* End XCConfigurationList section */
	};
	rootObject = D0C3BD001F3CB3680007BB54 /* Project object */;
}
