// !$*UTF8*$!
{
	archiveVersion = 1;
	classes = {
	};
	objectVersion = 46;
	objects = {

/* Begin PBXBuildFile section */
		D027FFB91F9BBAF5009A274E /* tidyRunner.swift in Sources */ = {isa = PBXBuildFile; fileRef = D0A5C6AE1F92B81600CABB67 /* tidyRunner.swift */; };
		D027FFBA1F9BBAFE009A274E /* SwLibTidy.framework in Frameworks */ = {isa = PBXBuildFile; fileRef = D0F640CC1F8F998A005A945B /* SwLibTidy.framework */; };
		D027FFBC1F9BBB1C009A274E /* SwLibTidy.framework in Copy Frameworks to Bundle */ = {isa = PBXBuildFile; fileRef = D0F640CC1F8F998A005A945B /* SwLibTidy.framework */; settings = {ATTRIBUTES = (RemoveHeadersOnCopy, ); }; };
		D06AD6B31F3CF33E00199B88 /* AppDelegate.swift in Sources */ = {isa = PBXBuildFile; fileRef = D06AD6B21F3CF33E00199B88 /* AppDelegate.swift */; };
		D06AD6B51F3CF33E00199B88 /* ViewController.swift in Sources */ = {isa = PBXBuildFile; fileRef = D06AD6B41F3CF33E00199B88 /* ViewController.swift */; };
		D06AD6B71F3CF33E00199B88 /* Assets.xcassets in Resources */ = {isa = PBXBuildFile; fileRef = D06AD6B61F3CF33E00199B88 /* Assets.xcassets */; };
		D06AD6BA1F3CF33E00199B88 /* Main.storyboard in Resources */ = {isa = PBXBuildFile; fileRef = D06AD6B81F3CF33E00199B88 /* Main.storyboard */; };
		D0A5C6931F92AA7100CABB67 /* CLibTidyModule.h in Copy Headers and Module Map */ = {isa = PBXBuildFile; fileRef = D082E77D1F8D401100C8C192 /* CLibTidyModule.h */; };
		D0A5C6B01F92C26B00CABB67 /* tidyRunner.swift in Sources */ = {isa = PBXBuildFile; fileRef = D0A5C6AE1F92B81600CABB67 /* tidyRunner.swift */; };
		D0A8A9DF1F41F74E00A2DB63 /* SwLibTidyTests.swift in Sources */ = {isa = PBXBuildFile; fileRef = D0A8A9DD1F41F74500A2DB63 /* SwLibTidyTests.swift */; };
		D0B32C951F917CA800477C4B /* access.c in Sources */ = {isa = PBXBuildFile; fileRef = D0D06EB31F8AE7CE00370E9D /* access.c */; };
		D0B32C961F917CA800477C4B /* alloc.c in Sources */ = {isa = PBXBuildFile; fileRef = D0D06EB51F8AE7CE00370E9D /* alloc.c */; };
		D0B32C981F917CA800477C4B /* attrdict.c in Sources */ = {isa = PBXBuildFile; fileRef = D0D06EB71F8AE7CE00370E9D /* attrdict.c */; };
		D0B32C991F917CA800477C4B /* attrs.c in Sources */ = {isa = PBXBuildFile; fileRef = D0D06EB91F8AE7CE00370E9D /* attrs.c */; };
		D0B32C9A1F917CA800477C4B /* buffio.c in Sources */ = {isa = PBXBuildFile; fileRef = D0D06EBB1F8AE7CE00370E9D /* buffio.c */; };
		D0B32C9B1F917CA800477C4B /* charsets.c in Sources */ = {isa = PBXBuildFile; fileRef = D0D06EBC1F8AE7CE00370E9D /* charsets.c */; };
		D0B32C9C1F917CA800477C4B /* clean.c in Sources */ = {isa = PBXBuildFile; fileRef = D0D06EBE1F8AE7CE00370E9D /* clean.c */; };
		D0B32C9D1F917CA800477C4B /* config.c in Sources */ = {isa = PBXBuildFile; fileRef = D0D06EC01F8AE7CE00370E9D /* config.c */; };
		D0B32C9E1F917CA800477C4B /* entities.c in Sources */ = {isa = PBXBuildFile; fileRef = D0D06EC21F8AE7CE00370E9D /* entities.c */; };
		D0B32C9F1F917CA800477C4B /* fileio.c in Sources */ = {isa = PBXBuildFile; fileRef = D0D06EC41F8AE7CE00370E9D /* fileio.c */; };
		D0B32CA01F917CA800477C4B /* gdoc.c in Sources */ = {isa = PBXBuildFile; fileRef = D0D06EC71F8AE7CE00370E9D /* gdoc.c */; };
		D0B32CA11F917CA800477C4B /* istack.c in Sources */ = {isa = PBXBuildFile; fileRef = D0D06EC91F8AE7CE00370E9D /* istack.c */; };
		D0B32CA21F917CA800477C4B /* language.c in Sources */ = {isa = PBXBuildFile; fileRef = D0D06ECA1F8AE7CE00370E9D /* language.c */; };
		D0B32CA31F917CA800477C4B /* lexer.c in Sources */ = {isa = PBXBuildFile; fileRef = D0D06ED31F8AE7CE00370E9D /* lexer.c */; };
		D0B32CA41F917CA800477C4B /* mappedio.c in Sources */ = {isa = PBXBuildFile; fileRef = D0D06ED51F8AE7CE00370E9D /* mappedio.c */; };
		D0B32CA51F917CA800477C4B /* message.c in Sources */ = {isa = PBXBuildFile; fileRef = D0D06ED71F8AE7CE00370E9D /* message.c */; };
		D0B32CA61F917CA800477C4B /* messageobj.c in Sources */ = {isa = PBXBuildFile; fileRef = D0D06ED91F8AE7CE00370E9D /* messageobj.c */; };
		D0B32CA71F917CA800477C4B /* parser.c in Sources */ = {isa = PBXBuildFile; fileRef = D0D06EDB1F8AE7CE00370E9D /* parser.c */; };
		D0B32CA81F917CA800477C4B /* pprint.c in Sources */ = {isa = PBXBuildFile; fileRef = D0D06EDD1F8AE7CE00370E9D /* pprint.c */; };
		D0B32CA91F917CA800477C4B /* sprtf.c in Sources */ = {isa = PBXBuildFile; fileRef = D0D06EDF1F8AE7CE00370E9D /* sprtf.c */; };
		D0B32CAA1F917CA800477C4B /* streamio.c in Sources */ = {isa = PBXBuildFile; fileRef = D0D06EE11F8AE7CE00370E9D /* streamio.c */; };
		D0B32CAB1F917CA800477C4B /* tagask.c in Sources */ = {isa = PBXBuildFile; fileRef = D0D06EE31F8AE7CE00370E9D /* tagask.c */; };
		D0B32CAC1F917CA800477C4B /* tags.c in Sources */ = {isa = PBXBuildFile; fileRef = D0D06EE41F8AE7CE00370E9D /* tags.c */; };
		D0B32CAD1F917CA800477C4B /* tidylib.c in Sources */ = {isa = PBXBuildFile; fileRef = D0D06EE71F8AE7CE00370E9D /* tidylib.c */; };
		D0B32CAE1F917CA800477C4B /* tmbstr.c in Sources */ = {isa = PBXBuildFile; fileRef = D0D06EE81F8AE7CE00370E9D /* tmbstr.c */; };
		D0B32CAF1F917CA800477C4B /* utf8.c in Sources */ = {isa = PBXBuildFile; fileRef = D0D06EEA1F8AE7CE00370E9D /* utf8.c */; };
		D0B32CB01F917CB600477C4B /* version.txt in Sources */ = {isa = PBXBuildFile; fileRef = D0D06EEE1F8AE7CE00370E9D /* version.txt */; };
		D0B32CD61F9187F400477C4B /* module.modulemap in Copy Headers and Module Map */ = {isa = PBXBuildFile; fileRef = D082E77F1F8D404F00C8C192 /* module.modulemap */; };
		D0B32CD71F9187F400477C4B /* tidy.h in Copy Headers and Module Map */ = {isa = PBXBuildFile; fileRef = D0D06E8B1F8AE7CE00370E9D /* tidy.h */; };
		D0B32CD81F9187F400477C4B /* tidybuffio.h in Copy Headers and Module Map */ = {isa = PBXBuildFile; fileRef = D0D06E8C1F8AE7CE00370E9D /* tidybuffio.h */; };
		D0B32CD91F9187F400477C4B /* tidyenum.h in Copy Headers and Module Map */ = {isa = PBXBuildFile; fileRef = D0D06E8D1F8AE7CE00370E9D /* tidyenum.h */; };
		D0B32CDA1F9187F400477C4B /* tidyplatform.h in Copy Headers and Module Map */ = {isa = PBXBuildFile; fileRef = D0D06E8E1F8AE7CE00370E9D /* tidyplatform.h */; };
		D0B32CDD1F91881D00477C4B /* libtidy-sw.dylib in Frameworks */ = {isa = PBXBuildFile; fileRef = D0B32C8F1F917C7A00477C4B /* libtidy-sw.dylib */; };
		D0B32CE11F918A6B00477C4B /* libtidy-sw.dylib in Copy Dylib to Bundle */ = {isa = PBXBuildFile; fileRef = D0B32C8F1F917C7A00477C4B /* libtidy-sw.dylib */; };
		D0B32CE31F918B4500477C4B /* SwLibTidy.framework in Copy Frameworks to Bundle */ = {isa = PBXBuildFile; fileRef = D0F640CC1F8F998A005A945B /* SwLibTidy.framework */; settings = {ATTRIBUTES = (CodeSignOnCopy, RemoveHeadersOnCopy, ); }; };
		D0C2E2741F92A7E500FC7E00 /* SwLibTidyTests.m in Sources */ = {isa = PBXBuildFile; fileRef = D09014CB1F8BFB3F00B56A62 /* SwLibTidyTests.m */; };
		D0C3A2D51F9B7A22005921F7 /* AppDelegate.swift in Sources */ = {isa = PBXBuildFile; fileRef = D0C3A2D41F9B7A22005921F7 /* AppDelegate.swift */; };
		D0C3A2D71F9B7A22005921F7 /* ViewController.swift in Sources */ = {isa = PBXBuildFile; fileRef = D0C3A2D61F9B7A22005921F7 /* ViewController.swift */; };
		D0C3A2DA1F9B7A22005921F7 /* Main.storyboard in Resources */ = {isa = PBXBuildFile; fileRef = D0C3A2D81F9B7A22005921F7 /* Main.storyboard */; };
		D0C3A2DC1F9B7A22005921F7 /* Assets.xcassets in Resources */ = {isa = PBXBuildFile; fileRef = D0C3A2DB1F9B7A22005921F7 /* Assets.xcassets */; };
		D0C3A2E51F9B7A48005921F7 /* Default-568h@2x.png in Resources */ = {isa = PBXBuildFile; fileRef = D0C3A2E41F9B7A48005921F7 /* Default-568h@2x.png */; };
		D0D7C17E1F8F9BF80091FFCE /* SwLibTidy.framework in Frameworks */ = {isa = PBXBuildFile; fileRef = D0F640CC1F8F998A005A945B /* SwLibTidy.framework */; };
		D0D7C18A1F8FA5130091FFCE /* SwLibTidy.framework in Frameworks */ = {isa = PBXBuildFile; fileRef = D0F640CC1F8F998A005A945B /* SwLibTidy.framework */; };
		D0DBB59A1F9CEC66001F2021 /* main.swift in Sources */ = {isa = PBXBuildFile; fileRef = D06AD6A21F3CED5A00199B88 /* main.swift */; };
		D0DBB59B1F9CEC69001F2021 /* tidyRunner.swift in Sources */ = {isa = PBXBuildFile; fileRef = D0A5C6AE1F92B81600CABB67 /* tidyRunner.swift */; };
		D0DBB59E1F9CECC5001F2021 /* SwLibTidy.framework in Frameworks */ = {isa = PBXBuildFile; fileRef = D0F640CC1F8F998A005A945B /* SwLibTidy.framework */; };
		D0DBB5A01F9CED00001F2021 /* SwLibTidy.framework in CopyFiles */ = {isa = PBXBuildFile; fileRef = D0F640CC1F8F998A005A945B /* SwLibTidy.framework */; settings = {ATTRIBUTES = (CodeSignOnCopy, RemoveHeadersOnCopy, ); }; };
		D0DBB5A81F9CF489001F2021 /* SwLibTidy.framework in Frameworks */ = {isa = PBXBuildFile; fileRef = D0F640CC1F8F998A005A945B /* SwLibTidy.framework */; };
		D0DBB5AA1F9CF489001F2021 /* SwLibTidy.framework in CopyFiles */ = {isa = PBXBuildFile; fileRef = D0F640CC1F8F998A005A945B /* SwLibTidy.framework */; settings = {ATTRIBUTES = (CodeSignOnCopy, RemoveHeadersOnCopy, ); }; };
		D0DBB5B01F9CF4A3001F2021 /* main.m in Sources */ = {isa = PBXBuildFile; fileRef = D082E79C1F8D4CE100C8C192 /* main.m */; };
		D0DBB5B71F9CFD7A001F2021 /* case-001.conf in Resources */ = {isa = PBXBuildFile; fileRef = D0DBB5B51F9CFD3A001F2021 /* case-001.conf */; };
		D0DBB5B81F9CFD7D001F2021 /* case-001.html in Resources */ = {isa = PBXBuildFile; fileRef = D0DBB5B41F9CFD3A001F2021 /* case-001.html */; };
		D0DBB5BA1F9CFDC2001F2021 /* case-001.conf in Resources */ = {isa = PBXBuildFile; fileRef = D0DBB5B51F9CFD3A001F2021 /* case-001.conf */; };
		D0DBB5BB1F9CFDC5001F2021 /* case-001.html in Resources */ = {isa = PBXBuildFile; fileRef = D0DBB5B41F9CFD3A001F2021 /* case-001.html */; };
		D0DBB5BC1F9CFDCE001F2021 /* case-001.conf in Resources */ = {isa = PBXBuildFile; fileRef = D0DBB5B51F9CFD3A001F2021 /* case-001.conf */; };
		D0DBB5BD1F9CFDD1001F2021 /* case-001.html in Resources */ = {isa = PBXBuildFile; fileRef = D0DBB5B41F9CFD3A001F2021 /* case-001.html */; };
		D0DBB5BE1F9CFDD8001F2021 /* case-001.conf in Resources */ = {isa = PBXBuildFile; fileRef = D0DBB5B51F9CFD3A001F2021 /* case-001.conf */; };
		D0DBB5BF1F9CFDDB001F2021 /* case-001.html in Resources */ = {isa = PBXBuildFile; fileRef = D0DBB5B41F9CFD3A001F2021 /* case-001.html */; };
		D0DBB5C11F9CFDE9001F2021 /* case-001.conf in Resources */ = {isa = PBXBuildFile; fileRef = D0DBB5B51F9CFD3A001F2021 /* case-001.conf */; };
		D0DBB5C21F9CFDEC001F2021 /* case-001.html in Resources */ = {isa = PBXBuildFile; fileRef = D0DBB5B41F9CFD3A001F2021 /* case-001.html */; };
		D0F640D81F8F9AC7005A945B /* TidyBufferProtocol.swift in Sources */ = {isa = PBXBuildFile; fileRef = D0F640D41F8F9AC6005A945B /* TidyBufferProtocol.swift */; };
		D0F640D91F8F9AC7005A945B /* TidyConfigReportProtocol.swift in Sources */ = {isa = PBXBuildFile; fileRef = D0F640D51F8F9AC6005A945B /* TidyConfigReportProtocol.swift */; };
		D0F640DA1F8F9AC7005A945B /* TidyEngine.swift in Sources */ = {isa = PBXBuildFile; fileRef = D0F640D61F8F9AC6005A945B /* TidyEngine.swift */; };
		D0F640DB1F8F9AC7005A945B /* SwLibTidy.swift in Sources */ = {isa = PBXBuildFile; fileRef = D0F640D71F8F9AC7005A945B /* SwLibTidy.swift */; };
		D0F6C7841FC386CD001F2C2E /* SwLibTidyUtilities.swift in Sources */ = {isa = PBXBuildFile; fileRef = D0F6C7831FC386CD001F2C2E /* SwLibTidyUtilities.swift */; };
		D0F6C7861FC64DF2001F2C2E /* TidyDelegateProtocol.swift in Sources */ = {isa = PBXBuildFile; fileRef = D0F6C7851FC64DF2001F2C2E /* TidyDelegateProtocol.swift */; };
/* End PBXBuildFile section */

/* Begin PBXBuildRule section */
		D0B32CB11F917CC700477C4B /* PBXBuildRule */ = {
			isa = PBXBuildRule;
			compilerSpec = com.apple.compilers.proxy.script;
			filePatterns = "*.txt";
			fileType = pattern.proxy;
			isEditable = 1;
			outputFiles = (
				"$(SRCROOT)/CLibTidy/tidy-html5-version.h",
			);
			script = "#!/usr/bin/env bash\necho \"Processing the date and version file to build a dynamic header.\"\nHEADER=\"${SRCROOT}/CLibTidy/tidy-html5-version.h\"\ncd \"${SRCROOT}/CLibTidy\"\necho \"// This file is generated automatically. Do not edit. Edit version.txt instead.\" > $HEADER\necho \"// The tidy target Build Rules for *.txt files has produced this file.\" >> $HEADER\necho \"// Make sure you include this file as the tidy target prefix header.\" >> $HEADER\n\nIFS=$'\\n' read -d '' -r -a LINES < \"${INPUT_FILE_PATH}\"\n\ncat << EOF >> $HEADER\n#ifdef LIBTIDY_VERSION\n#undef LIBTIDY_VERSION\n#endif\n#ifdef RELEASE_DATE\n#undef RELEASE_DATE\n#endif\nEOF\n\necho \"#define LIBTIDY_VERSION \\\"${LINES[0]}\\\"\" >> $HEADER\necho \"#define RELEASE_DATE \\\"${LINES[1]}\\\"\" >> $HEADER\n\n#echo \"// Updated on \"`date` >> $HEADER\n";
		};
/* End PBXBuildRule section */

/* Begin PBXContainerItemProxy section */
		D027FFB71F9BBAEC009A274E /* PBXContainerItemProxy */ = {
			isa = PBXContainerItemProxy;
			containerPortal = D0C3BD001F3CB3680007BB54 /* Project object */;
			proxyType = 1;
			remoteGlobalIDString = D0F640CB1F8F998A005A945B;
			remoteInfo = SwLibTidy;
		};
		D0B32CDB1F91881700477C4B /* PBXContainerItemProxy */ = {
			isa = PBXContainerItemProxy;
			containerPortal = D0C3BD001F3CB3680007BB54 /* Project object */;
			proxyType = 1;
			remoteGlobalIDString = D0B32C8E1F917C7A00477C4B;
			remoteInfo = "tidy-sw";
		};
		D0D7C17C1F8F9BF30091FFCE /* PBXContainerItemProxy */ = {
			isa = PBXContainerItemProxy;
			containerPortal = D0C3BD001F3CB3680007BB54 /* Project object */;
			proxyType = 1;
			remoteGlobalIDString = D0F640CB1F8F998A005A945B;
			remoteInfo = SwLibTidy;
		};
		D0D7C1881F8FA50E0091FFCE /* PBXContainerItemProxy */ = {
			isa = PBXContainerItemProxy;
			containerPortal = D0C3BD001F3CB3680007BB54 /* Project object */;
			proxyType = 1;
			remoteGlobalIDString = D0F640CB1F8F998A005A945B;
			remoteInfo = SwLibTidy;
		};
		D0DBB59C1F9CEC7D001F2021 /* PBXContainerItemProxy */ = {
			isa = PBXContainerItemProxy;
			containerPortal = D0C3BD001F3CB3680007BB54 /* Project object */;
			proxyType = 1;
			remoteGlobalIDString = D0F640CB1F8F998A005A945B;
			remoteInfo = SwLibTidy;
		};
		D0DBB5A31F9CF489001F2021 /* PBXContainerItemProxy */ = {
			isa = PBXContainerItemProxy;
			containerPortal = D0C3BD001F3CB3680007BB54 /* Project object */;
			proxyType = 1;
			remoteGlobalIDString = D0F640CB1F8F998A005A945B;
			remoteInfo = SwLibTidy;
		};
/* End PBXContainerItemProxy section */

/* Begin PBXCopyFilesBuildPhase section */
		D027FFBB1F9BBB05009A274E /* Copy Frameworks to Bundle */ = {
			isa = PBXCopyFilesBuildPhase;
			buildActionMask = 2147483647;
			dstPath = "";
			dstSubfolderSpec = 10;
			files = (
				D027FFBC1F9BBB1C009A274E /* SwLibTidy.framework in Copy Frameworks to Bundle */,
			);
			name = "Copy Frameworks to Bundle";
			runOnlyForDeploymentPostprocessing = 0;
		};
		D0B32CD51F9187CF00477C4B /* Copy Headers and Module Map */ = {
			isa = PBXCopyFilesBuildPhase;
			buildActionMask = 2147483647;
			dstPath = include/CLibTidy;
			dstSubfolderSpec = 16;
			files = (
				D0B32CD61F9187F400477C4B /* module.modulemap in Copy Headers and Module Map */,
				D0A5C6931F92AA7100CABB67 /* CLibTidyModule.h in Copy Headers and Module Map */,
				D0B32CD71F9187F400477C4B /* tidy.h in Copy Headers and Module Map */,
				D0B32CD81F9187F400477C4B /* tidybuffio.h in Copy Headers and Module Map */,
				D0B32CD91F9187F400477C4B /* tidyenum.h in Copy Headers and Module Map */,
				D0B32CDA1F9187F400477C4B /* tidyplatform.h in Copy Headers and Module Map */,
			);
			name = "Copy Headers and Module Map";
			runOnlyForDeploymentPostprocessing = 0;
		};
		D0B32CE01F918A6300477C4B /* Copy Dylib to Bundle */ = {
			isa = PBXCopyFilesBuildPhase;
			buildActionMask = 2147483647;
			dstPath = "";
			dstSubfolderSpec = 6;
			files = (
				D0B32CE11F918A6B00477C4B /* libtidy-sw.dylib in Copy Dylib to Bundle */,
			);
			name = "Copy Dylib to Bundle";
			runOnlyForDeploymentPostprocessing = 0;
		};
		D0B32CE21F918B3C00477C4B /* Copy Frameworks to Bundle */ = {
			isa = PBXCopyFilesBuildPhase;
			buildActionMask = 2147483647;
			dstPath = "";
			dstSubfolderSpec = 10;
			files = (
				D0B32CE31F918B4500477C4B /* SwLibTidy.framework in Copy Frameworks to Bundle */,
			);
			name = "Copy Frameworks to Bundle";
			runOnlyForDeploymentPostprocessing = 0;
		};
		D0DBB59F1F9CECF5001F2021 /* CopyFiles */ = {
			isa = PBXCopyFilesBuildPhase;
			buildActionMask = 2147483647;
			dstPath = "";
			dstSubfolderSpec = 10;
			files = (
				D0DBB5A01F9CED00001F2021 /* SwLibTidy.framework in CopyFiles */,
			);
			runOnlyForDeploymentPostprocessing = 0;
		};
		D0DBB5A91F9CF489001F2021 /* CopyFiles */ = {
			isa = PBXCopyFilesBuildPhase;
			buildActionMask = 2147483647;
			dstPath = "";
			dstSubfolderSpec = 10;
			files = (
				D0DBB5AA1F9CF489001F2021 /* SwLibTidy.framework in CopyFiles */,
			);
			runOnlyForDeploymentPostprocessing = 0;
		};
/* End PBXCopyFilesBuildPhase section */

/* Begin PBXFileReference section */
		D027FFB51F9B7ABF009A274E /* iOS.xcconfig */ = {isa = PBXFileReference; lastKnownFileType = text.xcconfig; path = iOS.xcconfig; sourceTree = "<group>"; };
		D03B6F781F9BF246009C2F64 /* Foundation.framework */ = {isa = PBXFileReference; lastKnownFileType = wrapper.framework; name = Foundation.framework; path = System/Library/Frameworks/Foundation.framework; sourceTree = SDKROOT; };
		D04034871F43659C00A2A9DC /* README.md */ = {isa = PBXFileReference; fileEncoding = 4; lastKnownFileType = net.daringfireball.markdown; path = README.md; sourceTree = "<group>"; xcLanguageSpecificationIdentifier = "<none>"; };
		D043B72F1F92DAA3009A61BE /* README.md */ = {isa = PBXFileReference; lastKnownFileType = net.daringfireball.markdown; path = README.md; sourceTree = "<group>"; xcLanguageSpecificationIdentifier = "<none>"; };
		D0692FC91F3CE8930045AB69 /* README.md */ = {isa = PBXFileReference; fileEncoding = 4; lastKnownFileType = net.daringfireball.markdown; name = README.md; path = Apps/console/README.md; sourceTree = SOURCE_ROOT; xcLanguageSpecificationIdentifier = "<none>"; };
		D06AD6A21F3CED5A00199B88 /* main.swift */ = {isa = PBXFileReference; fileEncoding = 4; lastKnownFileType = sourcecode.swift; path = main.swift; sourceTree = "<group>"; };
		D06AD6B01F3CF33E00199B88 /* gui.app */ = {isa = PBXFileReference; explicitFileType = wrapper.application; includeInIndex = 0; path = gui.app; sourceTree = BUILT_PRODUCTS_DIR; };
		D06AD6B21F3CF33E00199B88 /* AppDelegate.swift */ = {isa = PBXFileReference; lastKnownFileType = sourcecode.swift; path = AppDelegate.swift; sourceTree = "<group>"; };
		D06AD6B41F3CF33E00199B88 /* ViewController.swift */ = {isa = PBXFileReference; lastKnownFileType = sourcecode.swift; path = ViewController.swift; sourceTree = "<group>"; };
		D06AD6B61F3CF33E00199B88 /* Assets.xcassets */ = {isa = PBXFileReference; lastKnownFileType = folder.assetcatalog; path = Assets.xcassets; sourceTree = "<group>"; };
		D06AD6B91F3CF33E00199B88 /* Base */ = {isa = PBXFileReference; lastKnownFileType = file.storyboard; name = Base; path = Base.lproj/Main.storyboard; sourceTree = "<group>"; };
		D06AD6BB1F3CF33E00199B88 /* Info.plist */ = {isa = PBXFileReference; lastKnownFileType = text.plist.xml; path = Info.plist; sourceTree = "<group>"; };
		D06D947F1F98EBB000A0E300 /* README-Linking.md */ = {isa = PBXFileReference; lastKnownFileType = net.daringfireball.markdown; path = "README-Linking.md"; sourceTree = "<group>"; xcLanguageSpecificationIdentifier = "<none>"; };
		D082E77D1F8D401100C8C192 /* CLibTidyModule.h */ = {isa = PBXFileReference; lastKnownFileType = sourcecode.c.h; path = CLibTidyModule.h; sourceTree = "<group>"; };
		D082E77F1F8D404F00C8C192 /* module.modulemap */ = {isa = PBXFileReference; lastKnownFileType = "sourcecode.module-map"; path = module.modulemap; sourceTree = "<group>"; };
		D082E79C1F8D4CE100C8C192 /* main.m */ = {isa = PBXFileReference; lastKnownFileType = sourcecode.c.objc; path = main.m; sourceTree = "<group>"; };
		D09014CB1F8BFB3F00B56A62 /* SwLibTidyTests.m */ = {isa = PBXFileReference; fileEncoding = 4; lastKnownFileType = sourcecode.c.objc; path = SwLibTidyTests.m; sourceTree = "<group>"; };
		D0A5C6AB1F92B18E00CABB67 /* README.md */ = {isa = PBXFileReference; lastKnownFileType = net.daringfireball.markdown; path = README.md; sourceTree = "<group>"; xcLanguageSpecificationIdentifier = "<none>"; };
		D0A5C6AE1F92B81600CABB67 /* tidyRunner.swift */ = {isa = PBXFileReference; lastKnownFileType = sourcecode.swift; path = tidyRunner.swift; sourceTree = "<group>"; };
		D0A8A9DC1F41F74500A2DB63 /* Info.plist */ = {isa = PBXFileReference; fileEncoding = 4; lastKnownFileType = text.plist.xml; path = Info.plist; sourceTree = "<group>"; };
		D0A8A9DD1F41F74500A2DB63 /* SwLibTidyTests.swift */ = {isa = PBXFileReference; fileEncoding = 4; lastKnownFileType = sourcecode.swift; path = SwLibTidyTests.swift; sourceTree = "<group>"; };
		D0AB75451F9A44EB0072028C /* SwLibTidy Tests.xcconfig */ = {isa = PBXFileReference; lastKnownFileType = text.xcconfig; path = "SwLibTidy Tests.xcconfig"; sourceTree = "<group>"; };
		D0AB754C1F9A44EC0072028C /* console.xcconfig */ = {isa = PBXFileReference; lastKnownFileType = text.xcconfig; path = console.xcconfig; sourceTree = "<group>"; };
		D0AB754D1F9A44EC0072028C /* SwLibTidy.xcconfig */ = {isa = PBXFileReference; lastKnownFileType = text.xcconfig; path = SwLibTidy.xcconfig; sourceTree = "<group>"; };
		D0AB754E1F9A44EC0072028C /* Common-Debug.xcconfig */ = {isa = PBXFileReference; lastKnownFileType = text.xcconfig; path = "Common-Debug.xcconfig"; sourceTree = "<group>"; };
		D0AB754F1F9A44EC0072028C /* Common-Release.xcconfig */ = {isa = PBXFileReference; lastKnownFileType = text.xcconfig; path = "Common-Release.xcconfig"; sourceTree = "<group>"; };
		D0AB75521F9A44ED0072028C /* tidy-sw.xcconfig */ = {isa = PBXFileReference; lastKnownFileType = text.xcconfig; path = "tidy-sw.xcconfig"; sourceTree = "<group>"; };
		D0AB75531F9A44ED0072028C /* console-objc.xcconfig */ = {isa = PBXFileReference; lastKnownFileType = text.xcconfig; path = "console-objc.xcconfig"; sourceTree = "<group>"; };
		D0AB75551F9A44ED0072028C /* Common-Shared.xcconfig */ = {isa = PBXFileReference; lastKnownFileType = text.xcconfig; path = "Common-Shared.xcconfig"; sourceTree = "<group>"; };
		D0AB75581F9A44ED0072028C /* gui.xcconfig */ = {isa = PBXFileReference; lastKnownFileType = text.xcconfig; path = gui.xcconfig; sourceTree = "<group>"; };
		D0AD28781F8BE6B400972DB7 /* XCTest.framework */ = {isa = PBXFileReference; lastKnownFileType = wrapper.framework; name = XCTest.framework; path = Platforms/MacOSX.platform/Developer/Library/Frameworks/XCTest.framework; sourceTree = DEVELOPER_DIR; };
		D0B32C8F1F917C7A00477C4B /* libtidy-sw.dylib */ = {isa = PBXFileReference; explicitFileType = "compiled.mach-o.dylib"; includeInIndex = 0; path = "libtidy-sw.dylib"; sourceTree = BUILT_PRODUCTS_DIR; };
		D0C3A2CD1F9AD454005921F7 /* README.md */ = {isa = PBXFileReference; lastKnownFileType = net.daringfireball.markdown; path = README.md; sourceTree = "<group>"; xcLanguageSpecificationIdentifier = "<none>"; };
		D0C3A2D21F9B7A22005921F7 /* iOS.app */ = {isa = PBXFileReference; explicitFileType = wrapper.application; includeInIndex = 0; path = iOS.app; sourceTree = BUILT_PRODUCTS_DIR; };
		D0C3A2D41F9B7A22005921F7 /* AppDelegate.swift */ = {isa = PBXFileReference; lastKnownFileType = sourcecode.swift; path = AppDelegate.swift; sourceTree = "<group>"; };
		D0C3A2D61F9B7A22005921F7 /* ViewController.swift */ = {isa = PBXFileReference; lastKnownFileType = sourcecode.swift; path = ViewController.swift; sourceTree = "<group>"; };
		D0C3A2D91F9B7A22005921F7 /* Base */ = {isa = PBXFileReference; lastKnownFileType = file.storyboard; name = Base; path = Base.lproj/Main.storyboard; sourceTree = "<group>"; };
		D0C3A2DB1F9B7A22005921F7 /* Assets.xcassets */ = {isa = PBXFileReference; lastKnownFileType = folder.assetcatalog; path = Assets.xcassets; sourceTree = "<group>"; };
		D0C3A2E01F9B7A22005921F7 /* Info.plist */ = {isa = PBXFileReference; lastKnownFileType = text.plist.xml; path = Info.plist; sourceTree = "<group>"; };
		D0C3A2E41F9B7A48005921F7 /* Default-568h@2x.png */ = {isa = PBXFileReference; lastKnownFileType = image.png; path = "Default-568h@2x.png"; sourceTree = "<group>"; };
		D0C3BD121F3CB3690007BB54 /* Swift LibTidy Tests.xctest */ = {isa = PBXFileReference; explicitFileType = wrapper.cfbundle; includeInIndex = 0; path = "Swift LibTidy Tests.xctest"; sourceTree = BUILT_PRODUCTS_DIR; };
		D0D06E671F8AE7AC00370E9D /* README.md */ = {isa = PBXFileReference; lastKnownFileType = net.daringfireball.markdown; path = README.md; sourceTree = "<group>"; xcLanguageSpecificationIdentifier = "<none>"; };
		D0D06E8B1F8AE7CE00370E9D /* tidy.h */ = {isa = PBXFileReference; lastKnownFileType = sourcecode.c.h; path = tidy.h; sourceTree = "<group>"; };
		D0D06E8C1F8AE7CE00370E9D /* tidybuffio.h */ = {isa = PBXFileReference; lastKnownFileType = sourcecode.c.h; path = tidybuffio.h; sourceTree = "<group>"; };
		D0D06E8D1F8AE7CE00370E9D /* tidyenum.h */ = {isa = PBXFileReference; lastKnownFileType = sourcecode.c.h; path = tidyenum.h; sourceTree = "<group>"; };
		D0D06E8E1F8AE7CE00370E9D /* tidyplatform.h */ = {isa = PBXFileReference; lastKnownFileType = sourcecode.c.h; path = tidyplatform.h; sourceTree = "<group>"; };
		D0D06EB11F8AE7CE00370E9D /* README.md */ = {isa = PBXFileReference; lastKnownFileType = net.daringfireball.markdown; path = README.md; sourceTree = "<group>"; };
		D0D06EB31F8AE7CE00370E9D /* access.c */ = {isa = PBXFileReference; lastKnownFileType = sourcecode.c.c; path = access.c; sourceTree = "<group>"; };
		D0D06EB41F8AE7CE00370E9D /* access.h */ = {isa = PBXFileReference; lastKnownFileType = sourcecode.c.h; path = access.h; sourceTree = "<group>"; };
		D0D06EB51F8AE7CE00370E9D /* alloc.c */ = {isa = PBXFileReference; lastKnownFileType = sourcecode.c.c; path = alloc.c; sourceTree = "<group>"; };
		D0D06EB71F8AE7CE00370E9D /* attrdict.c */ = {isa = PBXFileReference; lastKnownFileType = sourcecode.c.c; path = attrdict.c; sourceTree = "<group>"; };
		D0D06EB81F8AE7CE00370E9D /* attrdict.h */ = {isa = PBXFileReference; lastKnownFileType = sourcecode.c.h; path = attrdict.h; sourceTree = "<group>"; };
		D0D06EB91F8AE7CE00370E9D /* attrs.c */ = {isa = PBXFileReference; lastKnownFileType = sourcecode.c.c; path = attrs.c; sourceTree = "<group>"; };
		D0D06EBA1F8AE7CE00370E9D /* attrs.h */ = {isa = PBXFileReference; lastKnownFileType = sourcecode.c.h; path = attrs.h; sourceTree = "<group>"; };
		D0D06EBB1F8AE7CE00370E9D /* buffio.c */ = {isa = PBXFileReference; lastKnownFileType = sourcecode.c.c; path = buffio.c; sourceTree = "<group>"; };
		D0D06EBC1F8AE7CE00370E9D /* charsets.c */ = {isa = PBXFileReference; lastKnownFileType = sourcecode.c.c; path = charsets.c; sourceTree = "<group>"; };
		D0D06EBD1F8AE7CE00370E9D /* charsets.h */ = {isa = PBXFileReference; lastKnownFileType = sourcecode.c.h; path = charsets.h; sourceTree = "<group>"; };
		D0D06EBE1F8AE7CE00370E9D /* clean.c */ = {isa = PBXFileReference; lastKnownFileType = sourcecode.c.c; path = clean.c; sourceTree = "<group>"; };
		D0D06EBF1F8AE7CE00370E9D /* clean.h */ = {isa = PBXFileReference; lastKnownFileType = sourcecode.c.h; path = clean.h; sourceTree = "<group>"; };
		D0D06EC01F8AE7CE00370E9D /* config.c */ = {isa = PBXFileReference; lastKnownFileType = sourcecode.c.c; path = config.c; sourceTree = "<group>"; };
		D0D06EC11F8AE7CE00370E9D /* config.h */ = {isa = PBXFileReference; lastKnownFileType = sourcecode.c.h; path = config.h; sourceTree = "<group>"; };
		D0D06EC21F8AE7CE00370E9D /* entities.c */ = {isa = PBXFileReference; lastKnownFileType = sourcecode.c.c; path = entities.c; sourceTree = "<group>"; };
		D0D06EC31F8AE7CE00370E9D /* entities.h */ = {isa = PBXFileReference; lastKnownFileType = sourcecode.c.h; path = entities.h; sourceTree = "<group>"; };
		D0D06EC41F8AE7CE00370E9D /* fileio.c */ = {isa = PBXFileReference; lastKnownFileType = sourcecode.c.c; path = fileio.c; sourceTree = "<group>"; };
		D0D06EC51F8AE7CE00370E9D /* fileio.h */ = {isa = PBXFileReference; lastKnownFileType = sourcecode.c.h; path = fileio.h; sourceTree = "<group>"; };
		D0D06EC61F8AE7CE00370E9D /* forward.h */ = {isa = PBXFileReference; lastKnownFileType = sourcecode.c.h; path = forward.h; sourceTree = "<group>"; };
		D0D06EC71F8AE7CE00370E9D /* gdoc.c */ = {isa = PBXFileReference; lastKnownFileType = sourcecode.c.c; path = gdoc.c; sourceTree = "<group>"; };
		D0D06EC81F8AE7CE00370E9D /* gdoc.h */ = {isa = PBXFileReference; lastKnownFileType = sourcecode.c.h; path = gdoc.h; sourceTree = "<group>"; };
		D0D06EC91F8AE7CE00370E9D /* istack.c */ = {isa = PBXFileReference; lastKnownFileType = sourcecode.c.c; path = istack.c; sourceTree = "<group>"; };
		D0D06ECA1F8AE7CE00370E9D /* language.c */ = {isa = PBXFileReference; lastKnownFileType = sourcecode.c.c; path = language.c; sourceTree = "<group>"; };
		D0D06ECB1F8AE7CE00370E9D /* language.h */ = {isa = PBXFileReference; lastKnownFileType = sourcecode.c.h; path = language.h; sourceTree = "<group>"; };
		D0D06ECC1F8AE7CE00370E9D /* language_en.h */ = {isa = PBXFileReference; lastKnownFileType = sourcecode.c.h; path = language_en.h; sourceTree = "<group>"; };
		D0D06ECD1F8AE7CE00370E9D /* language_en_gb.h */ = {isa = PBXFileReference; lastKnownFileType = sourcecode.c.h; path = language_en_gb.h; sourceTree = "<group>"; };
		D0D06ECE1F8AE7CE00370E9D /* language_es.h */ = {isa = PBXFileReference; lastKnownFileType = sourcecode.c.h; path = language_es.h; sourceTree = "<group>"; };
		D0D06ECF1F8AE7CE00370E9D /* language_es_mx.h */ = {isa = PBXFileReference; lastKnownFileType = sourcecode.c.h; path = language_es_mx.h; sourceTree = "<group>"; };
		D0D06ED01F8AE7CE00370E9D /* language_fr.h */ = {isa = PBXFileReference; lastKnownFileType = sourcecode.c.h; path = language_fr.h; sourceTree = "<group>"; };
		D0D06ED11F8AE7CE00370E9D /* language_pt_br.h */ = {isa = PBXFileReference; lastKnownFileType = sourcecode.c.h; path = language_pt_br.h; sourceTree = "<group>"; };
		D0D06ED21F8AE7CE00370E9D /* language_zh_cn.h */ = {isa = PBXFileReference; lastKnownFileType = sourcecode.c.h; path = language_zh_cn.h; sourceTree = "<group>"; };
		D0D06ED31F8AE7CE00370E9D /* lexer.c */ = {isa = PBXFileReference; lastKnownFileType = sourcecode.c.c; path = lexer.c; sourceTree = "<group>"; };
		D0D06ED41F8AE7CE00370E9D /* lexer.h */ = {isa = PBXFileReference; lastKnownFileType = sourcecode.c.h; path = lexer.h; sourceTree = "<group>"; };
		D0D06ED51F8AE7CE00370E9D /* mappedio.c */ = {isa = PBXFileReference; lastKnownFileType = sourcecode.c.c; path = mappedio.c; sourceTree = "<group>"; };
		D0D06ED61F8AE7CE00370E9D /* mappedio.h */ = {isa = PBXFileReference; lastKnownFileType = sourcecode.c.h; path = mappedio.h; sourceTree = "<group>"; };
		D0D06ED71F8AE7CE00370E9D /* message.c */ = {isa = PBXFileReference; lastKnownFileType = sourcecode.c.c; path = message.c; sourceTree = "<group>"; };
		D0D06ED81F8AE7CE00370E9D /* message.h */ = {isa = PBXFileReference; lastKnownFileType = sourcecode.c.h; path = message.h; sourceTree = "<group>"; };
		D0D06ED91F8AE7CE00370E9D /* messageobj.c */ = {isa = PBXFileReference; lastKnownFileType = sourcecode.c.c; path = messageobj.c; sourceTree = "<group>"; };
		D0D06EDA1F8AE7CE00370E9D /* messageobj.h */ = {isa = PBXFileReference; lastKnownFileType = sourcecode.c.h; path = messageobj.h; sourceTree = "<group>"; };
		D0D06EDB1F8AE7CE00370E9D /* parser.c */ = {isa = PBXFileReference; lastKnownFileType = sourcecode.c.c; path = parser.c; sourceTree = "<group>"; };
		D0D06EDC1F8AE7CE00370E9D /* parser.h */ = {isa = PBXFileReference; lastKnownFileType = sourcecode.c.h; path = parser.h; sourceTree = "<group>"; };
		D0D06EDD1F8AE7CE00370E9D /* pprint.c */ = {isa = PBXFileReference; lastKnownFileType = sourcecode.c.c; path = pprint.c; sourceTree = "<group>"; };
		D0D06EDE1F8AE7CE00370E9D /* pprint.h */ = {isa = PBXFileReference; lastKnownFileType = sourcecode.c.h; path = pprint.h; sourceTree = "<group>"; };
		D0D06EDF1F8AE7CE00370E9D /* sprtf.c */ = {isa = PBXFileReference; lastKnownFileType = sourcecode.c.c; path = sprtf.c; sourceTree = "<group>"; };
		D0D06EE01F8AE7CE00370E9D /* sprtf.h */ = {isa = PBXFileReference; lastKnownFileType = sourcecode.c.h; path = sprtf.h; sourceTree = "<group>"; };
		D0D06EE11F8AE7CE00370E9D /* streamio.c */ = {isa = PBXFileReference; lastKnownFileType = sourcecode.c.c; path = streamio.c; sourceTree = "<group>"; };
		D0D06EE21F8AE7CE00370E9D /* streamio.h */ = {isa = PBXFileReference; lastKnownFileType = sourcecode.c.h; path = streamio.h; sourceTree = "<group>"; };
		D0D06EE31F8AE7CE00370E9D /* tagask.c */ = {isa = PBXFileReference; lastKnownFileType = sourcecode.c.c; path = tagask.c; sourceTree = "<group>"; };
		D0D06EE41F8AE7CE00370E9D /* tags.c */ = {isa = PBXFileReference; lastKnownFileType = sourcecode.c.c; path = tags.c; sourceTree = "<group>"; };
		D0D06EE51F8AE7CE00370E9D /* tags.h */ = {isa = PBXFileReference; lastKnownFileType = sourcecode.c.h; path = tags.h; sourceTree = "<group>"; };
		D0D06EE61F8AE7CE00370E9D /* tidy-int.h */ = {isa = PBXFileReference; lastKnownFileType = sourcecode.c.h; path = "tidy-int.h"; sourceTree = "<group>"; };
		D0D06EE71F8AE7CE00370E9D /* tidylib.c */ = {isa = PBXFileReference; lastKnownFileType = sourcecode.c.c; path = tidylib.c; sourceTree = "<group>"; };
		D0D06EE81F8AE7CE00370E9D /* tmbstr.c */ = {isa = PBXFileReference; lastKnownFileType = sourcecode.c.c; path = tmbstr.c; sourceTree = "<group>"; };
		D0D06EE91F8AE7CE00370E9D /* tmbstr.h */ = {isa = PBXFileReference; lastKnownFileType = sourcecode.c.h; path = tmbstr.h; sourceTree = "<group>"; };
		D0D06EEA1F8AE7CE00370E9D /* utf8.c */ = {isa = PBXFileReference; lastKnownFileType = sourcecode.c.c; path = utf8.c; sourceTree = "<group>"; };
		D0D06EEB1F8AE7CE00370E9D /* utf8.h */ = {isa = PBXFileReference; lastKnownFileType = sourcecode.c.h; path = utf8.h; sourceTree = "<group>"; };
		D0D06EEC1F8AE7CE00370E9D /* version.h */ = {isa = PBXFileReference; lastKnownFileType = sourcecode.c.h; path = version.h; sourceTree = "<group>"; };
		D0D06EEE1F8AE7CE00370E9D /* version.txt */ = {isa = PBXFileReference; lastKnownFileType = text; path = version.txt; sourceTree = "<group>"; };
		D0D7C18B1F8FAA6A0091FFCE /* AppKit.framework */ = {isa = PBXFileReference; lastKnownFileType = wrapper.framework; name = AppKit.framework; path = System/Library/Frameworks/AppKit.framework; sourceTree = SDKROOT; };
		D0DBB5921F9CE75F001F2021 /* console.bundle */ = {isa = PBXFileReference; explicitFileType = wrapper.application; includeInIndex = 0; path = console.bundle; sourceTree = BUILT_PRODUCTS_DIR; };
		D0DBB5931F9CE75F001F2021 /* Info.plist */ = {isa = PBXFileReference; lastKnownFileType = text.plist.xml; name = Info.plist; path = "/Users/jderry/Development/tidy-cocoa/Apps/console/Info.plist"; sourceTree = "<absolute>"; };
		D0DBB5AE1F9CF489001F2021 /* console-objc.bundle */ = {isa = PBXFileReference; explicitFileType = wrapper.application; includeInIndex = 0; path = "console-objc.bundle"; sourceTree = BUILT_PRODUCTS_DIR; };
		D0DBB5AF1F9CF489001F2021 /* Info.plist */ = {isa = PBXFileReference; lastKnownFileType = text.plist.xml; name = Info.plist; path = "/Users/jderry/Development/tidy-cocoa/Apps/console-objc/Info.plist"; sourceTree = "<absolute>"; };
		D0DBB5B11F9CF972001F2021 /* README.md */ = {isa = PBXFileReference; lastKnownFileType = net.daringfireball.markdown; path = README.md; sourceTree = "<group>"; xcLanguageSpecificationIdentifier = "<none>"; };
		D0DBB5B21F9CF9C5001F2021 /* README.md */ = {isa = PBXFileReference; lastKnownFileType = net.daringfireball.markdown; path = README.md; sourceTree = "<group>"; xcLanguageSpecificationIdentifier = "<none>"; };
		D0DBB5B41F9CFD3A001F2021 /* case-001.html */ = {isa = PBXFileReference; lastKnownFileType = text.html; path = "case-001.html"; sourceTree = "<group>"; };
		D0DBB5B51F9CFD3A001F2021 /* case-001.conf */ = {isa = PBXFileReference; lastKnownFileType = text; path = "case-001.conf"; sourceTree = "<group>"; };
		D0F640CC1F8F998A005A945B /* SwLibTidy.framework */ = {isa = PBXFileReference; explicitFileType = wrapper.framework; includeInIndex = 0; path = SwLibTidy.framework; sourceTree = BUILT_PRODUCTS_DIR; };
		D0F640CF1F8F998A005A945B /* Info.plist */ = {isa = PBXFileReference; lastKnownFileType = text.plist.xml; path = Info.plist; sourceTree = "<group>"; };
		D0F640D41F8F9AC6005A945B /* TidyBufferProtocol.swift */ = {isa = PBXFileReference; lastKnownFileType = sourcecode.swift; path = TidyBufferProtocol.swift; sourceTree = "<group>"; };
		D0F640D51F8F9AC6005A945B /* TidyConfigReportProtocol.swift */ = {isa = PBXFileReference; lastKnownFileType = sourcecode.swift; path = TidyConfigReportProtocol.swift; sourceTree = "<group>"; };
		D0F640D61F8F9AC6005A945B /* TidyEngine.swift */ = {isa = PBXFileReference; lastKnownFileType = sourcecode.swift; path = TidyEngine.swift; sourceTree = "<group>"; };
		D0F640D71F8F9AC7005A945B /* SwLibTidy.swift */ = {isa = PBXFileReference; lastKnownFileType = sourcecode.swift; path = SwLibTidy.swift; sourceTree = "<group>"; };
		D0F6C7831FC386CD001F2C2E /* SwLibTidyUtilities.swift */ = {isa = PBXFileReference; lastKnownFileType = sourcecode.swift; path = SwLibTidyUtilities.swift; sourceTree = "<group>"; };
		D0F6C7851FC64DF2001F2C2E /* TidyDelegateProtocol.swift */ = {isa = PBXFileReference; lastKnownFileType = sourcecode.swift; path = TidyDelegateProtocol.swift; sourceTree = "<group>"; };
/* End PBXFileReference section */

/* Begin PBXFrameworksBuildPhase section */
		D06AD6AD1F3CF33E00199B88 /* Frameworks */ = {
			isa = PBXFrameworksBuildPhase;
			buildActionMask = 2147483647;
			files = (
				D0D7C18A1F8FA5130091FFCE /* SwLibTidy.framework in Frameworks */,
			);
			runOnlyForDeploymentPostprocessing = 0;
		};
		D0B32C8C1F917C7A00477C4B /* Frameworks */ = {
			isa = PBXFrameworksBuildPhase;
			buildActionMask = 2147483647;
			files = (
			);
			runOnlyForDeploymentPostprocessing = 0;
		};
		D0C3A2CF1F9B7A22005921F7 /* Frameworks */ = {
			isa = PBXFrameworksBuildPhase;
			buildActionMask = 2147483647;
			files = (
				D027FFBA1F9BBAFE009A274E /* SwLibTidy.framework in Frameworks */,
			);
			runOnlyForDeploymentPostprocessing = 0;
		};
		D0C3BD0F1F3CB3690007BB54 /* Frameworks */ = {
			isa = PBXFrameworksBuildPhase;
			buildActionMask = 2147483647;
			files = (
				D0D7C17E1F8F9BF80091FFCE /* SwLibTidy.framework in Frameworks */,
			);
			runOnlyForDeploymentPostprocessing = 0;
		};
		D0DBB5881F9CE75F001F2021 /* Frameworks */ = {
			isa = PBXFrameworksBuildPhase;
			buildActionMask = 2147483647;
			files = (
				D0DBB59E1F9CECC5001F2021 /* SwLibTidy.framework in Frameworks */,
			);
			runOnlyForDeploymentPostprocessing = 0;
		};
		D0DBB5A71F9CF489001F2021 /* Frameworks */ = {
			isa = PBXFrameworksBuildPhase;
			buildActionMask = 2147483647;
			files = (
				D0DBB5A81F9CF489001F2021 /* SwLibTidy.framework in Frameworks */,
			);
			runOnlyForDeploymentPostprocessing = 0;
		};
		D0F640C81F8F998A005A945B /* Frameworks */ = {
			isa = PBXFrameworksBuildPhase;
			buildActionMask = 2147483647;
			files = (
				D0B32CDD1F91881D00477C4B /* libtidy-sw.dylib in Frameworks */,
			);
			runOnlyForDeploymentPostprocessing = 0;
		};
/* End PBXFrameworksBuildPhase section */

/* Begin PBXGroup section */
		D06AD6B11F3CF33E00199B88 /* gui */ = {
			isa = PBXGroup;
			children = (
				D04034871F43659C00A2A9DC /* README.md */,
				D06AD6B21F3CF33E00199B88 /* AppDelegate.swift */,
				D06AD6B41F3CF33E00199B88 /* ViewController.swift */,
				D06AD6B61F3CF33E00199B88 /* Assets.xcassets */,
				D06AD6B81F3CF33E00199B88 /* Main.storyboard */,
				D06AD6BB1F3CF33E00199B88 /* Info.plist */,
			);
			name = gui;
			path = Apps/gui;
			sourceTree = SOURCE_ROOT;
		};
		D06D94CA1F9A41FF00A0E300 /* Config */ = {
			isa = PBXGroup;
			children = (
				D0C3A2CD1F9AD454005921F7 /* README.md */,
				D0AB75551F9A44ED0072028C /* Common-Shared.xcconfig */,
				D0AB754E1F9A44EC0072028C /* Common-Debug.xcconfig */,
				D0AB754F1F9A44EC0072028C /* Common-Release.xcconfig */,
				D0AB754C1F9A44EC0072028C /* console.xcconfig */,
				D0AB75531F9A44ED0072028C /* console-objc.xcconfig */,
				D0AB75581F9A44ED0072028C /* gui.xcconfig */,
				D027FFB51F9B7ABF009A274E /* iOS.xcconfig */,
				D0AB75451F9A44EB0072028C /* SwLibTidy Tests.xcconfig */,
				D0AB754D1F9A44EC0072028C /* SwLibTidy.xcconfig */,
				D0AB75521F9A44ED0072028C /* tidy-sw.xcconfig */,
			);
			path = Config;
			sourceTree = "<group>";
		};
		D082E79B1F8D4CE100C8C192 /* console-objc */ = {
			isa = PBXGroup;
			children = (
				D0DBB5B11F9CF972001F2021 /* README.md */,
				D082E79C1F8D4CE100C8C192 /* main.m */,
				D0DBB5AF1F9CF489001F2021 /* Info.plist */,
			);
			name = "console-objc";
			path = "Apps/console-objc";
			sourceTree = SOURCE_ROOT;
		};
		D0A5C6AD1F92B71900CABB67 /* Apps */ = {
			isa = PBXGroup;
			children = (
				D0DBB5B31F9CFC93001F2021 /* _common */,
				D0C3BDC51F3CC0510007BB54 /* console */,
				D082E79B1F8D4CE100C8C192 /* console-objc */,
				D06AD6B11F3CF33E00199B88 /* gui */,
				D0C3A2D31F9B7A22005921F7 /* iOS */,
			);
			path = Apps;
			sourceTree = SOURCE_ROOT;
		};
		D0C3A2D31F9B7A22005921F7 /* iOS */ = {
			isa = PBXGroup;
			children = (
				D0DBB5B21F9CF9C5001F2021 /* README.md */,
				D0C3A2D41F9B7A22005921F7 /* AppDelegate.swift */,
				D0C3A2D61F9B7A22005921F7 /* ViewController.swift */,
				D0C3A2D81F9B7A22005921F7 /* Main.storyboard */,
				D0C3A2E41F9B7A48005921F7 /* Default-568h@2x.png */,
				D0C3A2DB1F9B7A22005921F7 /* Assets.xcassets */,
				D0C3A2E01F9B7A22005921F7 /* Info.plist */,
			);
			path = iOS;
			sourceTree = "<group>";
		};
		D0C3BCFF1F3CB3680007BB54 = {
			isa = PBXGroup;
			children = (
				D043B72F1F92DAA3009A61BE /* README.md */,
				D06D947F1F98EBB000A0E300 /* README-Linking.md */,
				D06D94CA1F9A41FF00A0E300 /* Config */,
				D0A5C6AD1F92B71900CABB67 /* Apps */,
				D0F640CD1F8F998A005A945B /* SwLibTidy */,
				D0D06CCE1F8AE6ED00370E9D /* CLibTidy */,
				D0C3BD161F3CB3690007BB54 /* SwLibTidyTests */,
				D0C3BD0A1F3CB3680007BB54 /* Products */,
				D0D06F4B1F8AF13A00370E9D /* Frameworks */,
			);
			sourceTree = "<group>";
		};
		D0C3BD0A1F3CB3680007BB54 /* Products */ = {
			isa = PBXGroup;
			children = (
				D0C3BD121F3CB3690007BB54 /* Swift LibTidy Tests.xctest */,
				D06AD6B01F3CF33E00199B88 /* gui.app */,
				D0F640CC1F8F998A005A945B /* SwLibTidy.framework */,
				D0B32C8F1F917C7A00477C4B /* libtidy-sw.dylib */,
				D0C3A2D21F9B7A22005921F7 /* iOS.app */,
				D0DBB5921F9CE75F001F2021 /* console.bundle */,
				D0DBB5AE1F9CF489001F2021 /* console-objc.bundle */,
			);
			name = Products;
			sourceTree = SOURCE_ROOT;
		};
		D0C3BD161F3CB3690007BB54 /* SwLibTidyTests */ = {
			isa = PBXGroup;
			children = (
				D0F6C7831FC386CD001F2C2E /* SwLibTidyUtilities.swift */,
				D0A8A9DD1F41F74500A2DB63 /* SwLibTidyTests.swift */,
				D09014CB1F8BFB3F00B56A62 /* SwLibTidyTests.m */,
				D0A8A9DC1F41F74500A2DB63 /* Info.plist */,
			);
			path = SwLibTidyTests;
			sourceTree = SOURCE_ROOT;
		};
		D0C3BDC51F3CC0510007BB54 /* console */ = {
			isa = PBXGroup;
			children = (
				D0692FC91F3CE8930045AB69 /* README.md */,
				D06AD6A21F3CED5A00199B88 /* main.swift */,
				D0DBB5931F9CE75F001F2021 /* Info.plist */,
			);
			name = console;
			path = Apps/console;
			sourceTree = SOURCE_ROOT;
		};
		D0D06CCE1F8AE6ED00370E9D /* CLibTidy */ = {
			isa = PBXGroup;
			children = (
				D0D06E671F8AE7AC00370E9D /* README.md */,
				D082E77F1F8D404F00C8C192 /* module.modulemap */,
				D082E77D1F8D401100C8C192 /* CLibTidyModule.h */,
				D0D06E681F8AE7CE00370E9D /* tidy-html5 */,
			);
			path = CLibTidy;
			sourceTree = SOURCE_ROOT;
		};
		D0D06E681F8AE7CE00370E9D /* tidy-html5 */ = {
			isa = PBXGroup;
			children = (
				D0D06EB11F8AE7CE00370E9D /* README.md */,
				D0D06E881F8AE7CE00370E9D /* include */,
				D0D06EB21F8AE7CE00370E9D /* src */,
				D0D06EEE1F8AE7CE00370E9D /* version.txt */,
			);
			path = "tidy-html5";
			sourceTree = "<group>";
		};
		D0D06E881F8AE7CE00370E9D /* include */ = {
			isa = PBXGroup;
			children = (
				D0D06E8B1F8AE7CE00370E9D /* tidy.h */,
				D0D06E8C1F8AE7CE00370E9D /* tidybuffio.h */,
				D0D06E8D1F8AE7CE00370E9D /* tidyenum.h */,
				D0D06E8E1F8AE7CE00370E9D /* tidyplatform.h */,
			);
			path = include;
			sourceTree = "<group>";
		};
		D0D06EB21F8AE7CE00370E9D /* src */ = {
			isa = PBXGroup;
			children = (
				D0D06EB31F8AE7CE00370E9D /* access.c */,
				D0D06EB41F8AE7CE00370E9D /* access.h */,
				D0D06EB51F8AE7CE00370E9D /* alloc.c */,
				D0D06EB71F8AE7CE00370E9D /* attrdict.c */,
				D0D06EB81F8AE7CE00370E9D /* attrdict.h */,
				D0D06EB91F8AE7CE00370E9D /* attrs.c */,
				D0D06EBA1F8AE7CE00370E9D /* attrs.h */,
				D0D06EBB1F8AE7CE00370E9D /* buffio.c */,
				D0D06EBC1F8AE7CE00370E9D /* charsets.c */,
				D0D06EBD1F8AE7CE00370E9D /* charsets.h */,
				D0D06EBE1F8AE7CE00370E9D /* clean.c */,
				D0D06EBF1F8AE7CE00370E9D /* clean.h */,
				D0D06EC01F8AE7CE00370E9D /* config.c */,
				D0D06EC11F8AE7CE00370E9D /* config.h */,
				D0D06EC21F8AE7CE00370E9D /* entities.c */,
				D0D06EC31F8AE7CE00370E9D /* entities.h */,
				D0D06EC41F8AE7CE00370E9D /* fileio.c */,
				D0D06EC51F8AE7CE00370E9D /* fileio.h */,
				D0D06EC61F8AE7CE00370E9D /* forward.h */,
				D0D06EC71F8AE7CE00370E9D /* gdoc.c */,
				D0D06EC81F8AE7CE00370E9D /* gdoc.h */,
				D0D06EC91F8AE7CE00370E9D /* istack.c */,
				D0D06ECA1F8AE7CE00370E9D /* language.c */,
				D0D06ECB1F8AE7CE00370E9D /* language.h */,
				D0D06ECC1F8AE7CE00370E9D /* language_en.h */,
				D0D06ECD1F8AE7CE00370E9D /* language_en_gb.h */,
				D0D06ECE1F8AE7CE00370E9D /* language_es.h */,
				D0D06ECF1F8AE7CE00370E9D /* language_es_mx.h */,
				D0D06ED01F8AE7CE00370E9D /* language_fr.h */,
				D0D06ED11F8AE7CE00370E9D /* language_pt_br.h */,
				D0D06ED21F8AE7CE00370E9D /* language_zh_cn.h */,
				D0D06ED31F8AE7CE00370E9D /* lexer.c */,
				D0D06ED41F8AE7CE00370E9D /* lexer.h */,
				D0D06ED51F8AE7CE00370E9D /* mappedio.c */,
				D0D06ED61F8AE7CE00370E9D /* mappedio.h */,
				D0D06ED71F8AE7CE00370E9D /* message.c */,
				D0D06ED81F8AE7CE00370E9D /* message.h */,
				D0D06ED91F8AE7CE00370E9D /* messageobj.c */,
				D0D06EDA1F8AE7CE00370E9D /* messageobj.h */,
				D0D06EDB1F8AE7CE00370E9D /* parser.c */,
				D0D06EDC1F8AE7CE00370E9D /* parser.h */,
				D0D06EDD1F8AE7CE00370E9D /* pprint.c */,
				D0D06EDE1F8AE7CE00370E9D /* pprint.h */,
				D0D06EDF1F8AE7CE00370E9D /* sprtf.c */,
				D0D06EE01F8AE7CE00370E9D /* sprtf.h */,
				D0D06EE11F8AE7CE00370E9D /* streamio.c */,
				D0D06EE21F8AE7CE00370E9D /* streamio.h */,
				D0D06EE31F8AE7CE00370E9D /* tagask.c */,
				D0D06EE41F8AE7CE00370E9D /* tags.c */,
				D0D06EE51F8AE7CE00370E9D /* tags.h */,
				D0D06EE61F8AE7CE00370E9D /* tidy-int.h */,
				D0D06EE71F8AE7CE00370E9D /* tidylib.c */,
				D0D06EE81F8AE7CE00370E9D /* tmbstr.c */,
				D0D06EE91F8AE7CE00370E9D /* tmbstr.h */,
				D0D06EEA1F8AE7CE00370E9D /* utf8.c */,
				D0D06EEB1F8AE7CE00370E9D /* utf8.h */,
				D0D06EEC1F8AE7CE00370E9D /* version.h */,
			);
			path = src;
			sourceTree = "<group>";
		};
		D0D06F4B1F8AF13A00370E9D /* Frameworks */ = {
			isa = PBXGroup;
			children = (
				D03B6F781F9BF246009C2F64 /* Foundation.framework */,
				D0D7C18B1F8FAA6A0091FFCE /* AppKit.framework */,
				D0AD28781F8BE6B400972DB7 /* XCTest.framework */,
			);
			name = Frameworks;
			sourceTree = "<group>";
		};
		D0DBB5B31F9CFC93001F2021 /* _common */ = {
			isa = PBXGroup;
			children = (
				D0A5C6AE1F92B81600CABB67 /* tidyRunner.swift */,
				D0DBB5B51F9CFD3A001F2021 /* case-001.conf */,
				D0DBB5B41F9CFD3A001F2021 /* case-001.html */,
			);
			name = _common;
			path = Apps/_common;
			sourceTree = SOURCE_ROOT;
		};
		D0F640CD1F8F998A005A945B /* SwLibTidy */ = {
			isa = PBXGroup;
			children = (
				D0A5C6AB1F92B18E00CABB67 /* README.md */,
				D0F640D71F8F9AC7005A945B /* SwLibTidy.swift */,
				D0F640D61F8F9AC6005A945B /* TidyEngine.swift */,
				D0F640D41F8F9AC6005A945B /* TidyBufferProtocol.swift */,
				D0F640D51F8F9AC6005A945B /* TidyConfigReportProtocol.swift */,
				D0F6C7851FC64DF2001F2C2E /* TidyDelegateProtocol.swift */,
				D0F640CF1F8F998A005A945B /* Info.plist */,
			);
			path = SwLibTidy;
			sourceTree = SOURCE_ROOT;
		};
/* End PBXGroup section */

/* Begin PBXHeadersBuildPhase section */
		D0F640C91F8F998A005A945B /* Headers */ = {
			isa = PBXHeadersBuildPhase;
			buildActionMask = 2147483647;
			files = (
			);
			runOnlyForDeploymentPostprocessing = 0;
		};
/* End PBXHeadersBuildPhase section */

/* Begin PBXNativeTarget section */
		D06AD6AF1F3CF33E00199B88 /* gui */ = {
			isa = PBXNativeTarget;
			buildConfigurationList = D06AD6BC1F3CF33E00199B88 /* Build configuration list for PBXNativeTarget "gui" */;
			buildPhases = (
				D06AD6AC1F3CF33E00199B88 /* Sources */,
				D06AD6AD1F3CF33E00199B88 /* Frameworks */,
				D06AD6AE1F3CF33E00199B88 /* Resources */,
				D0B32CE21F918B3C00477C4B /* Copy Frameworks to Bundle */,
			);
			buildRules = (
			);
			dependencies = (
				D0D7C1891F8FA50E0091FFCE /* PBXTargetDependency */,
			);
			name = gui;
			productName = gui;
			productReference = D06AD6B01F3CF33E00199B88 /* gui.app */;
			productType = "com.apple.product-type.application";
		};
		D0B32C8E1F917C7A00477C4B /* tidy-sw */ = {
			isa = PBXNativeTarget;
			buildConfigurationList = D0B32C901F917C7A00477C4B /* Build configuration list for PBXNativeTarget "tidy-sw" */;
			buildPhases = (
				D0B32C8B1F917C7A00477C4B /* Sources */,
				D0B32C8C1F917C7A00477C4B /* Frameworks */,
				D0B32CD51F9187CF00477C4B /* Copy Headers and Module Map */,
			);
			buildRules = (
				D0B32CB11F917CC700477C4B /* PBXBuildRule */,
			);
			dependencies = (
			);
			name = "tidy-sw";
			productName = "tidy-sw";
			productReference = D0B32C8F1F917C7A00477C4B /* libtidy-sw.dylib */;
			productType = "com.apple.product-type.library.dynamic";
		};
		D0C3A2D11F9B7A22005921F7 /* iOS */ = {
			isa = PBXNativeTarget;
			buildConfigurationList = D0C3A2E11F9B7A22005921F7 /* Build configuration list for PBXNativeTarget "iOS" */;
			buildPhases = (
				D0C3A2CE1F9B7A22005921F7 /* Sources */,
				D0C3A2CF1F9B7A22005921F7 /* Frameworks */,
				D0C3A2D01F9B7A22005921F7 /* Resources */,
				D027FFBB1F9BBB05009A274E /* Copy Frameworks to Bundle */,
			);
			buildRules = (
			);
			dependencies = (
				D027FFB81F9BBAEC009A274E /* PBXTargetDependency */,
			);
			name = iOS;
			productName = iOS;
			productReference = D0C3A2D21F9B7A22005921F7 /* iOS.app */;
			productType = "com.apple.product-type.application";
		};
		D0C3BD111F3CB3690007BB54 /* Swift LibTidy Tests */ = {
			isa = PBXNativeTarget;
			buildConfigurationList = D0C3BD201F3CB3690007BB54 /* Build configuration list for PBXNativeTarget "Swift LibTidy Tests" */;
			buildPhases = (
				D0C3BD0E1F3CB3690007BB54 /* Sources */,
				D0C3BD0F1F3CB3690007BB54 /* Frameworks */,
				D0DBB5C01F9CFDE6001F2021 /* Resources */,
			);
			buildRules = (
			);
			dependencies = (
				D0D7C17D1F8F9BF30091FFCE /* PBXTargetDependency */,
			);
			name = "Swift LibTidy Tests";
			productName = LibTidyTests;
			productReference = D0C3BD121F3CB3690007BB54 /* Swift LibTidy Tests.xctest */;
			productType = "com.apple.product-type.bundle.unit-test";
		};
		D0DBB5811F9CE75F001F2021 /* console */ = {
			isa = PBXNativeTarget;
			buildConfigurationList = D0DBB58F1F9CE75F001F2021 /* Build configuration list for PBXNativeTarget "console" */;
			buildPhases = (
				D0DBB5841F9CE75F001F2021 /* Sources */,
				D0DBB5881F9CE75F001F2021 /* Frameworks */,
				D0DBB59F1F9CECF5001F2021 /* CopyFiles */,
				D0DBB5B61F9CFD6E001F2021 /* Resources */,
			);
			buildRules = (
			);
			dependencies = (
				D0DBB59D1F9CEC7D001F2021 /* PBXTargetDependency */,
			);
			name = console;
			productName = gui;
			productReference = D0DBB5921F9CE75F001F2021 /* console.bundle */;
			productType = "com.apple.product-type.application";
		};
		D0DBB5A11F9CF489001F2021 /* console-objc */ = {
			isa = PBXNativeTarget;
			buildConfigurationList = D0DBB5AB1F9CF489001F2021 /* Build configuration list for PBXNativeTarget "console-objc" */;
			buildPhases = (
				D0DBB5A41F9CF489001F2021 /* Sources */,
				D0DBB5A71F9CF489001F2021 /* Frameworks */,
				D0DBB5A91F9CF489001F2021 /* CopyFiles */,
				D0DBB5B91F9CFDBF001F2021 /* Resources */,
			);
			buildRules = (
			);
			dependencies = (
				D0DBB5A21F9CF489001F2021 /* PBXTargetDependency */,
			);
			name = "console-objc";
			productName = gui;
			productReference = D0DBB5AE1F9CF489001F2021 /* console-objc.bundle */;
			productType = "com.apple.product-type.application";
		};
		D0F640CB1F8F998A005A945B /* SwLibTidy */ = {
			isa = PBXNativeTarget;
			buildConfigurationList = D0F640D11F8F998A005A945B /* Build configuration list for PBXNativeTarget "SwLibTidy" */;
			buildPhases = (
				D0F640C71F8F998A005A945B /* Sources */,
				D0F640C81F8F998A005A945B /* Frameworks */,
				D0F640C91F8F998A005A945B /* Headers */,
				D0B32CE01F918A6300477C4B /* Copy Dylib to Bundle */,
			);
			buildRules = (
			);
			dependencies = (
				D0B32CDC1F91881700477C4B /* PBXTargetDependency */,
			);
			name = SwLibTidy;
			productName = SwLibTidy;
			productReference = D0F640CC1F8F998A005A945B /* SwLibTidy.framework */;
			productType = "com.apple.product-type.framework";
		};
/* End PBXNativeTarget section */

/* Begin PBXProject section */
		D0C3BD001F3CB3680007BB54 /* Project object */ = {
			isa = PBXProject;
			attributes = {
				LastSwiftUpdateCheck = 0900;
				LastUpgradeCheck = 0910;
				ORGANIZATIONNAME = "Jim Derry";
				TargetAttributes = {
					D06AD6AF1F3CF33E00199B88 = {
						CreatedOnToolsVersion = 8.3.3;
						ProvisioningStyle = Automatic;
					};
					D0B32C8E1F917C7A00477C4B = {
						CreatedOnToolsVersion = 9.0;
					};
					D0C3A2D11F9B7A22005921F7 = {
						CreatedOnToolsVersion = 9.0.1;
						DevelopmentTeam = 9PN2JXXG7Y;
						ProvisioningStyle = Automatic;
					};
					D0C3BD111F3CB3690007BB54 = {
						CreatedOnToolsVersion = 8.3.3;
						LastSwiftMigration = 0900;
						ProvisioningStyle = Automatic;
					};
					D0F640CB1F8F998A005A945B = {
						CreatedOnToolsVersion = 9.0;
						LastSwiftMigration = 0900;
						ProvisioningStyle = Automatic;
					};
				};
			};
			buildConfigurationList = D0C3BD031F3CB3680007BB54 /* Build configuration list for PBXProject "Swift LibTidy" */;
			compatibilityVersion = "Xcode 3.2";
			developmentRegion = English;
			hasScannedForEncodings = 0;
			knownRegions = (
				en,
				Base,
			);
			mainGroup = D0C3BCFF1F3CB3680007BB54;
			productRefGroup = D0C3BD0A1F3CB3680007BB54 /* Products */;
			projectDirPath = "";
			projectRoot = "";
			targets = (
				D0DBB5811F9CE75F001F2021 /* console */,
				D0DBB5A11F9CF489001F2021 /* console-objc */,
				D06AD6AF1F3CF33E00199B88 /* gui */,
				D0C3A2D11F9B7A22005921F7 /* iOS */,
				D0C3BD111F3CB3690007BB54 /* Swift LibTidy Tests */,
				D0F640CB1F8F998A005A945B /* SwLibTidy */,
				D0B32C8E1F917C7A00477C4B /* tidy-sw */,
			);
		};
/* End PBXProject section */

/* Begin PBXResourcesBuildPhase section */
		D06AD6AE1F3CF33E00199B88 /* Resources */ = {
			isa = PBXResourcesBuildPhase;
			buildActionMask = 2147483647;
			files = (
				D06AD6B71F3CF33E00199B88 /* Assets.xcassets in Resources */,
				D06AD6BA1F3CF33E00199B88 /* Main.storyboard in Resources */,
				D0DBB5BC1F9CFDCE001F2021 /* case-001.conf in Resources */,
				D0DBB5BD1F9CFDD1001F2021 /* case-001.html in Resources */,
			);
			runOnlyForDeploymentPostprocessing = 0;
		};
		D0C3A2D01F9B7A22005921F7 /* Resources */ = {
			isa = PBXResourcesBuildPhase;
			buildActionMask = 2147483647;
			files = (
				D0C3A2E51F9B7A48005921F7 /* Default-568h@2x.png in Resources */,
				D0C3A2DC1F9B7A22005921F7 /* Assets.xcassets in Resources */,
				D0C3A2DA1F9B7A22005921F7 /* Main.storyboard in Resources */,
				D0DBB5BE1F9CFDD8001F2021 /* case-001.conf in Resources */,
				D0DBB5BF1F9CFDDB001F2021 /* case-001.html in Resources */,
			);
			runOnlyForDeploymentPostprocessing = 0;
		};
		D0DBB5B61F9CFD6E001F2021 /* Resources */ = {
			isa = PBXResourcesBuildPhase;
			buildActionMask = 2147483647;
			files = (
				D0DBB5B71F9CFD7A001F2021 /* case-001.conf in Resources */,
				D0DBB5B81F9CFD7D001F2021 /* case-001.html in Resources */,
			);
			runOnlyForDeploymentPostprocessing = 0;
		};
		D0DBB5B91F9CFDBF001F2021 /* Resources */ = {
			isa = PBXResourcesBuildPhase;
			buildActionMask = 2147483647;
			files = (
				D0DBB5BA1F9CFDC2001F2021 /* case-001.conf in Resources */,
				D0DBB5BB1F9CFDC5001F2021 /* case-001.html in Resources */,
			);
			runOnlyForDeploymentPostprocessing = 0;
		};
		D0DBB5C01F9CFDE6001F2021 /* Resources */ = {
			isa = PBXResourcesBuildPhase;
			buildActionMask = 2147483647;
			files = (
				D0DBB5C11F9CFDE9001F2021 /* case-001.conf in Resources */,
				D0DBB5C21F9CFDEC001F2021 /* case-001.html in Resources */,
			);
			runOnlyForDeploymentPostprocessing = 0;
		};
/* End PBXResourcesBuildPhase section */

/* Begin PBXSourcesBuildPhase section */
		D06AD6AC1F3CF33E00199B88 /* Sources */ = {
			isa = PBXSourcesBuildPhase;
			buildActionMask = 2147483647;
			files = (
				D06AD6B31F3CF33E00199B88 /* AppDelegate.swift in Sources */,
				D06AD6B51F3CF33E00199B88 /* ViewController.swift in Sources */,
				D0A5C6B01F92C26B00CABB67 /* tidyRunner.swift in Sources */,
			);
			runOnlyForDeploymentPostprocessing = 0;
		};
		D0B32C8B1F917C7A00477C4B /* Sources */ = {
			isa = PBXSourcesBuildPhase;
			buildActionMask = 2147483647;
			files = (
				D0B32CB01F917CB600477C4B /* version.txt in Sources */,
				D0B32C951F917CA800477C4B /* access.c in Sources */,
				D0B32C961F917CA800477C4B /* alloc.c in Sources */,
				D0B32C981F917CA800477C4B /* attrdict.c in Sources */,
				D0B32C991F917CA800477C4B /* attrs.c in Sources */,
				D0B32C9A1F917CA800477C4B /* buffio.c in Sources */,
				D0B32C9B1F917CA800477C4B /* charsets.c in Sources */,
				D0B32C9C1F917CA800477C4B /* clean.c in Sources */,
				D0B32C9D1F917CA800477C4B /* config.c in Sources */,
				D0B32C9E1F917CA800477C4B /* entities.c in Sources */,
				D0B32C9F1F917CA800477C4B /* fileio.c in Sources */,
				D0B32CA01F917CA800477C4B /* gdoc.c in Sources */,
				D0B32CA11F917CA800477C4B /* istack.c in Sources */,
				D0B32CA21F917CA800477C4B /* language.c in Sources */,
				D0B32CA31F917CA800477C4B /* lexer.c in Sources */,
				D0B32CA41F917CA800477C4B /* mappedio.c in Sources */,
				D0B32CA51F917CA800477C4B /* message.c in Sources */,
				D0B32CA61F917CA800477C4B /* messageobj.c in Sources */,
				D0B32CA71F917CA800477C4B /* parser.c in Sources */,
				D0B32CA81F917CA800477C4B /* pprint.c in Sources */,
				D0B32CA91F917CA800477C4B /* sprtf.c in Sources */,
				D0B32CAA1F917CA800477C4B /* streamio.c in Sources */,
				D0B32CAB1F917CA800477C4B /* tagask.c in Sources */,
				D0B32CAC1F917CA800477C4B /* tags.c in Sources */,
				D0B32CAD1F917CA800477C4B /* tidylib.c in Sources */,
				D0B32CAE1F917CA800477C4B /* tmbstr.c in Sources */,
				D0B32CAF1F917CA800477C4B /* utf8.c in Sources */,
			);
			runOnlyForDeploymentPostprocessing = 0;
		};
		D0C3A2CE1F9B7A22005921F7 /* Sources */ = {
			isa = PBXSourcesBuildPhase;
			buildActionMask = 2147483647;
			files = (
				D0C3A2D71F9B7A22005921F7 /* ViewController.swift in Sources */,
				D0C3A2D51F9B7A22005921F7 /* AppDelegate.swift in Sources */,
				D027FFB91F9BBAF5009A274E /* tidyRunner.swift in Sources */,
			);
			runOnlyForDeploymentPostprocessing = 0;
		};
		D0C3BD0E1F3CB3690007BB54 /* Sources */ = {
			isa = PBXSourcesBuildPhase;
			buildActionMask = 2147483647;
			files = (
				D0F6C7841FC386CD001F2C2E /* SwLibTidyUtilities.swift in Sources */,
				D0C2E2741F92A7E500FC7E00 /* SwLibTidyTests.m in Sources */,
				D0A8A9DF1F41F74E00A2DB63 /* SwLibTidyTests.swift in Sources */,
			);
			runOnlyForDeploymentPostprocessing = 0;
		};
		D0DBB5841F9CE75F001F2021 /* Sources */ = {
			isa = PBXSourcesBuildPhase;
			buildActionMask = 2147483647;
			files = (
				D0DBB59A1F9CEC66001F2021 /* main.swift in Sources */,
				D0DBB59B1F9CEC69001F2021 /* tidyRunner.swift in Sources */,
			);
			runOnlyForDeploymentPostprocessing = 0;
		};
		D0DBB5A41F9CF489001F2021 /* Sources */ = {
			isa = PBXSourcesBuildPhase;
			buildActionMask = 2147483647;
			files = (
				D0DBB5B01F9CF4A3001F2021 /* main.m in Sources */,
			);
			runOnlyForDeploymentPostprocessing = 0;
		};
		D0F640C71F8F998A005A945B /* Sources */ = {
			isa = PBXSourcesBuildPhase;
			buildActionMask = 2147483647;
			files = (
				D0F640DB1F8F9AC7005A945B /* SwLibTidy.swift in Sources */,
				D0F640DA1F8F9AC7005A945B /* TidyEngine.swift in Sources */,
				D0F640D81F8F9AC7005A945B /* TidyBufferProtocol.swift in Sources */,
				D0F640D91F8F9AC7005A945B /* TidyConfigReportProtocol.swift in Sources */,
				D0F6C7861FC64DF2001F2C2E /* TidyDelegateProtocol.swift in Sources */,
			);
			runOnlyForDeploymentPostprocessing = 0;
		};
/* End PBXSourcesBuildPhase section */

/* Begin PBXTargetDependency section */
		D027FFB81F9BBAEC009A274E /* PBXTargetDependency */ = {
			isa = PBXTargetDependency;
			target = D0F640CB1F8F998A005A945B /* SwLibTidy */;
			targetProxy = D027FFB71F9BBAEC009A274E /* PBXContainerItemProxy */;
		};
		D0B32CDC1F91881700477C4B /* PBXTargetDependency */ = {
			isa = PBXTargetDependency;
			target = D0B32C8E1F917C7A00477C4B /* tidy-sw */;
			targetProxy = D0B32CDB1F91881700477C4B /* PBXContainerItemProxy */;
		};
		D0D7C17D1F8F9BF30091FFCE /* PBXTargetDependency */ = {
			isa = PBXTargetDependency;
			target = D0F640CB1F8F998A005A945B /* SwLibTidy */;
			targetProxy = D0D7C17C1F8F9BF30091FFCE /* PBXContainerItemProxy */;
		};
		D0D7C1891F8FA50E0091FFCE /* PBXTargetDependency */ = {
			isa = PBXTargetDependency;
			target = D0F640CB1F8F998A005A945B /* SwLibTidy */;
			targetProxy = D0D7C1881F8FA50E0091FFCE /* PBXContainerItemProxy */;
		};
		D0DBB59D1F9CEC7D001F2021 /* PBXTargetDependency */ = {
			isa = PBXTargetDependency;
			target = D0F640CB1F8F998A005A945B /* SwLibTidy */;
			targetProxy = D0DBB59C1F9CEC7D001F2021 /* PBXContainerItemProxy */;
		};
		D0DBB5A21F9CF489001F2021 /* PBXTargetDependency */ = {
			isa = PBXTargetDependency;
			target = D0F640CB1F8F998A005A945B /* SwLibTidy */;
			targetProxy = D0DBB5A31F9CF489001F2021 /* PBXContainerItemProxy */;
		};
/* End PBXTargetDependency section */

/* Begin PBXVariantGroup section */
		D06AD6B81F3CF33E00199B88 /* Main.storyboard */ = {
			isa = PBXVariantGroup;
			children = (
				D06AD6B91F3CF33E00199B88 /* Base */,
			);
			name = Main.storyboard;
			sourceTree = "<group>";
		};
		D0C3A2D81F9B7A22005921F7 /* Main.storyboard */ = {
			isa = PBXVariantGroup;
			children = (
				D0C3A2D91F9B7A22005921F7 /* Base */,
			);
			name = Main.storyboard;
			sourceTree = "<group>";
		};
/* End PBXVariantGroup section */

/* Begin XCBuildConfiguration section */
		D06AD6BD1F3CF33E00199B88 /* Debug */ = {
			isa = XCBuildConfiguration;
			baseConfigurationReference = D0AB75581F9A44ED0072028C /* gui.xcconfig */;
			buildSettings = {
			};
			name = Debug;
		};
		D06AD6BE1F3CF33E00199B88 /* Release */ = {
			isa = XCBuildConfiguration;
			baseConfigurationReference = D0AB75581F9A44ED0072028C /* gui.xcconfig */;
			buildSettings = {
			};
			name = Release;
		};
		D0B32C911F917C7A00477C4B /* Debug */ = {
			isa = XCBuildConfiguration;
			baseConfigurationReference = D0AB75521F9A44ED0072028C /* tidy-sw.xcconfig */;
			buildSettings = {
			};
			name = Debug;
		};
		D0B32C931F917C7A00477C4B /* Release */ = {
			isa = XCBuildConfiguration;
			baseConfigurationReference = D0AB75521F9A44ED0072028C /* tidy-sw.xcconfig */;
			buildSettings = {
			};
			name = Release;
		};
		D0C3A2E21F9B7A22005921F7 /* Debug */ = {
			isa = XCBuildConfiguration;
			baseConfigurationReference = D027FFB51F9B7ABF009A274E /* iOS.xcconfig */;
			buildSettings = {
			};
			name = Debug;
		};
		D0C3A2E31F9B7A22005921F7 /* Release */ = {
			isa = XCBuildConfiguration;
			baseConfigurationReference = D027FFB51F9B7ABF009A274E /* iOS.xcconfig */;
			buildSettings = {
			};
			name = Release;
		};
		D0C3BD1B1F3CB3690007BB54 /* Debug */ = {
			isa = XCBuildConfiguration;
			baseConfigurationReference = D0AB754E1F9A44EC0072028C /* Common-Debug.xcconfig */;
			buildSettings = {
				ENABLE_STRICT_OBJC_MSGSEND = YES;
			};
			name = Debug;
		};
		D0C3BD1C1F3CB3690007BB54 /* Release */ = {
			isa = XCBuildConfiguration;
			baseConfigurationReference = D0AB754F1F9A44EC0072028C /* Common-Release.xcconfig */;
			buildSettings = {
				ENABLE_STRICT_OBJC_MSGSEND = YES;
			};
			name = Release;
		};
		D0C3BD211F3CB3690007BB54 /* Debug */ = {
			isa = XCBuildConfiguration;
			baseConfigurationReference = D0AB75451F9A44EB0072028C /* SwLibTidy Tests.xcconfig */;
			buildSettings = {
			};
			name = Debug;
		};
		D0C3BD221F3CB3690007BB54 /* Release */ = {
			isa = XCBuildConfiguration;
			baseConfigurationReference = D0AB75451F9A44EB0072028C /* SwLibTidy Tests.xcconfig */;
			buildSettings = {
			};
			name = Release;
		};
		D0DBB5901F9CE75F001F2021 /* Debug */ = {
			isa = XCBuildConfiguration;
			baseConfigurationReference = D0AB754C1F9A44EC0072028C /* console.xcconfig */;
			buildSettings = {
			};
			name = Debug;
		};
		D0DBB5911F9CE75F001F2021 /* Release */ = {
			isa = XCBuildConfiguration;
			baseConfigurationReference = D0AB754C1F9A44EC0072028C /* console.xcconfig */;
			buildSettings = {
			};
			name = Release;
		};
		D0DBB5AC1F9CF489001F2021 /* Debug */ = {
			isa = XCBuildConfiguration;
			baseConfigurationReference = D0AB75531F9A44ED0072028C /* console-objc.xcconfig */;
			buildSettings = {
			};
			name = Debug;
		};
		D0DBB5AD1F9CF489001F2021 /* Release */ = {
			isa = XCBuildConfiguration;
			baseConfigurationReference = D0AB75531F9A44ED0072028C /* console-objc.xcconfig */;
			buildSettings = {
			};
			name = Release;
		};
		D0F640D21F8F998A005A945B /* Debug */ = {
			isa = XCBuildConfiguration;
			baseConfigurationReference = D0AB754D1F9A44EC0072028C /* SwLibTidy.xcconfig */;
			buildSettings = {
				CLANG_ENABLE_MODULES = YES;
				DEFINES_MODULE = YES;
				LD_RUNPATH_SEARCH_PATHS = "$(inherited) @executable_path/Frameworks @loader_path/Frameworks";
				SWIFT_OPTIMIZATION_LEVEL = "-Onone";
				SWIFT_VERSION = 3.0;
			};
			name = Debug;
		};
		D0F640D31F8F998A005A945B /* Release */ = {
			isa = XCBuildConfiguration;
			baseConfigurationReference = D0AB754D1F9A44EC0072028C /* SwLibTidy.xcconfig */;
			buildSettings = {
				CLANG_ENABLE_MODULES = YES;
				DEFINES_MODULE = YES;
				LD_RUNPATH_SEARCH_PATHS = "$(inherited) @executable_path/Frameworks @loader_path/Frameworks";
				SWIFT_VERSION = 3.0;
			};
			name = Release;
		};
/* End XCBuildConfiguration section */

/* Begin XCConfigurationList section */
		D06AD6BC1F3CF33E00199B88 /* Build configuration list for PBXNativeTarget "gui" */ = {
			isa = XCConfigurationList;
			buildConfigurations = (
				D06AD6BD1F3CF33E00199B88 /* Debug */,
				D06AD6BE1F3CF33E00199B88 /* Release */,
			);
			defaultConfigurationIsVisible = 0;
			defaultConfigurationName = Release;
		};
		D0B32C901F917C7A00477C4B /* Build configuration list for PBXNativeTarget "tidy-sw" */ = {
			isa = XCConfigurationList;
			buildConfigurations = (
				D0B32C911F917C7A00477C4B /* Debug */,
				D0B32C931F917C7A00477C4B /* Release */,
			);
			defaultConfigurationIsVisible = 0;
			defaultConfigurationName = Release;
		};
		D0C3A2E11F9B7A22005921F7 /* Build configuration list for PBXNativeTarget "iOS" */ = {
			isa = XCConfigurationList;
			buildConfigurations = (
				D0C3A2E21F9B7A22005921F7 /* Debug */,
				D0C3A2E31F9B7A22005921F7 /* Release */,
			);
			defaultConfigurationIsVisible = 0;
			defaultConfigurationName = Release;
		};
		D0C3BD031F3CB3680007BB54 /* Build configuration list for PBXProject "Swift LibTidy" */ = {
			isa = XCConfigurationList;
			buildConfigurations = (
				D0C3BD1B1F3CB3690007BB54 /* Debug */,
				D0C3BD1C1F3CB3690007BB54 /* Release */,
			);
			defaultConfigurationIsVisible = 0;
			defaultConfigurationName = Release;
		};
		D0C3BD201F3CB3690007BB54 /* Build configuration list for PBXNativeTarget "Swift LibTidy Tests" */ = {
			isa = XCConfigurationList;
			buildConfigurations = (
				D0C3BD211F3CB3690007BB54 /* Debug */,
				D0C3BD221F3CB3690007BB54 /* Release */,
			);
			defaultConfigurationIsVisible = 0;
			defaultConfigurationName = Release;
		};
		D0DBB58F1F9CE75F001F2021 /* Build configuration list for PBXNativeTarget "console" */ = {
			isa = XCConfigurationList;
			buildConfigurations = (
				D0DBB5901F9CE75F001F2021 /* Debug */,
				D0DBB5911F9CE75F001F2021 /* Release */,
			);
			defaultConfigurationIsVisible = 0;
			defaultConfigurationName = Release;
		};
		D0DBB5AB1F9CF489001F2021 /* Build configuration list for PBXNativeTarget "console-objc" */ = {
			isa = XCConfigurationList;
			buildConfigurations = (
				D0DBB5AC1F9CF489001F2021 /* Debug */,
				D0DBB5AD1F9CF489001F2021 /* Release */,
			);
			defaultConfigurationIsVisible = 0;
			defaultConfigurationName = Release;
		};
		D0F640D11F8F998A005A945B /* Build configuration list for PBXNativeTarget "SwLibTidy" */ = {
			isa = XCConfigurationList;
			buildConfigurations = (
				D0F640D21F8F998A005A945B /* Debug */,
				D0F640D31F8F998A005A945B /* Release */,
			);
			defaultConfigurationIsVisible = 0;
			defaultConfigurationName = Release;
		};
/* End XCConfigurationList section */
	};
	rootObject = D0C3BD001F3CB3680007BB54 /* Project object */;
}
